lockfileVersion: '6.0'

settings:
  autoInstallPeers: true
  excludeLinksFromLockfile: false

dependencies:
  effect:
    specifier: ^2.3.8
    version: 2.3.8
  preact:
    specifier: ^10.19.5
    version: 10.19.5

packages:

  /effect@2.3.8:
    resolution: {integrity: sha512-jLPRJp1f85HwIu2eP1BFJGF2La0wS8xfqYNSJsTKDlCemyDSGMbtHvtEGKJCB0TQg+CK+DxJAvWOHloTGqMa9w==}
    dev: false

  /preact@10.19.5:
    resolution: {integrity: sha512-OPELkDmSVbKjbFqF9tgvOowiiQ9TmsJljIzXRyNE8nGiis94pwv1siF78rQkAP1Q1738Ce6pellRg/Ns/CtHqQ==}
    dev: false
