lockfileVersion: '9.0'

settings:
  autoInstallPeers: true
  excludeLinksFromLockfile: false

importers:

  .:
    devDependencies:
      esrap:
        specifier: ^1.4.5
        version: 1.4.5
      rolldown:
        specifier: 1.0.0-beta.3-commit.ca90fa2
        version: 1.0.0-beta.3-commit.ca90fa2(typescript@5.7.3)
      rollup:
        specifier: ^4.28.0
        version: 4.34.8
      rollup-plugin-dts:
        specifier: ^6.1.1
        version: 6.1.1(rollup@4.34.8)(typescript@5.7.3)
      typescript:
        specifier: ^5.7.3
        version: 5.7.3

packages:

  '@babel/code-frame@7.26.2':
    resolution: {integrity: sha512-RJlIHRueQgwWitWgF8OdFYGZX328Ax5BCemNGlqHfplnRT9ESi8JkFlvaVYbS+UubVY6dpv87Fs2u5M29iNFVQ==}
    engines: {node: '>=6.9.0'}

  '@babel/helper-validator-identifier@7.25.9':
    resolution: {integrity: sha512-Ed61U6XJc3CVRfkERJWDz4dJwKe7iLmmJsbOGu9wSloNSFttHV0I8g6UAgb7qnK5ly5bGLPd4oXZlxCdANBOWQ==}
    engines: {node: '>=6.9.0'}

  '@emnapi/core@1.3.1':
    resolution: {integrity: sha512-pVGjBIt1Y6gg3EJN8jTcfpP/+uuRksIo055oE/OBkDNcjZqVbfkWCksG1Jp4yZnj3iKWyWX8fdG/j6UDYPbFog==}

  '@emnapi/runtime@1.3.1':
    resolution: {integrity: sha512-kEBmG8KyqtxJZv+ygbEim+KCGtIq1fC22Ms3S4ziXmYKm8uyoLX0MHONVKwp+9opg390VaKRNt4a7A9NwmpNhw==}

  '@emnapi/wasi-threads@1.0.1':
    resolution: {integrity: sha512-iIBu7mwkq4UQGeMEM8bLwNK962nXdhodeScX4slfQnRhEMMzvYivHhutCIk8uojvmASXXPC2WNEjwxFWk72Oqw==}

  '@jridgewell/sourcemap-codec@1.5.0':
    resolution: {integrity: sha512-gv3ZRaISU3fjPAgNsriBRqGWQL6quFx04YMPW/zD8XMLsU32mhCCbfbO6KZFLjvYpCZ8zyDEgqsgf+PwPaM7GQ==}

  '@napi-rs/wasm-runtime@0.2.7':
    resolution: {integrity: sha512-5yximcFK5FNompXfJFoWanu5l8v1hNGqNHh9du1xETp9HWk/B/PzvchX55WYOPaIeNglG8++68AAiauBAtbnzw==}

  '@oxc-project/types@0.52.0':
    resolution: {integrity: sha512-vR+SuiprVAlbUSkBnmL/h0DNVhwmecxfLWyssN5wGUsOTz4VL5OWrVtb/Q5D/Jb1V+iqcDYBRWrhtyuCaKBBqg==}

  '@rolldown/binding-darwin-arm64@1.0.0-beta.3-commit.ca90fa2':
    resolution: {integrity: sha512-HO5hP+63pgylX0ccBAbp6pOiXn0excUNqDPZ42R8CwqNG3w8iepNldlvDzJn1hVDR7NwHxr0Yz5wWvCpKT+IKw==}
    cpu: [arm64]
    os: [darwin]

  '@rolldown/binding-darwin-x64@1.0.0-beta.3-commit.ca90fa2':
    resolution: {integrity: sha512-S9VUGa73Lah9bFStln+gLReXNNu565ULAt1ie+3G/u7B1GcSE+498eTjcCM/riy9l3Jz3bHCkBD7I20hLarYBg==}
    cpu: [x64]
    os: [darwin]

  '@rolldown/binding-freebsd-x64@1.0.0-beta.3-commit.ca90fa2':
    resolution: {integrity: sha512-ceQb8jXvuOFcus3q1bWQieWRS60t5fmuj1/18qfmGpSbnfT1y/EW93S/pHH4sxtcxoIfEPkgeKM3KRDh+k0d/A==}
    cpu: [x64]
    os: [freebsd]

  '@rolldown/binding-linux-arm-gnueabihf@1.0.0-beta.3-commit.ca90fa2':
    resolution: {integrity: sha512-fOcD/E+ef88oi5TQj9FGyZcV4ff4MlonwlPn3PWvD9K36UEx9FtbgdABRRhZ4FWQDeAs1k1fXK4H85PnQjl/Yg==}
    cpu: [arm]
    os: [linux]

  '@rolldown/binding-linux-arm64-gnu@1.0.0-beta.3-commit.ca90fa2':
    resolution: {integrity: sha512-Kzku8xDep31Etmzb5+TCjA/zhQdk9n1JEU8DG70/W0Fds+KtFmNlg4hRv7T5ivUvl0X4nHUlTmJUi5ebLtR+Pg==}
    cpu: [arm64]
    os: [linux]

  '@rolldown/binding-linux-arm64-musl@1.0.0-beta.3-commit.ca90fa2':
    resolution: {integrity: sha512-dfFy4O6JbfzV+DByrtkCjx5YQVFPKMHgVF8vvs7Pv+lza4Wo4+gw7mDKk3ptMSGTF/JRN92EHD5UuXBg2I4/vg==}
    cpu: [arm64]
    os: [linux]

  '@rolldown/binding-linux-x64-gnu@1.0.0-beta.3-commit.ca90fa2':
    resolution: {integrity: sha512-2l60kd9ApZCPOz2zaHxLrgz/BIZaI6D/y5DOzyvddQki68ymRRcI7o/BWEeI/hDeqyWx3yHBWCffcHSb5EPjNA==}
    cpu: [x64]
    os: [linux]

  '@rolldown/binding-linux-x64-musl@1.0.0-beta.3-commit.ca90fa2':
    resolution: {integrity: sha512-r2e4jrNCdNY2jGv76E8MPkfE6uacI8YjeubEPsV06yylsZm7OIxkDnO9meABV7dcgQwwEr4DlLImnCPu4hgw1A==}
    cpu: [x64]
    os: [linux]

  '@rolldown/binding-wasm32-wasi@1.0.0-beta.3-commit.ca90fa2':
    resolution: {integrity: sha512-I3MABOLDWPmXG4EGOcXNec4xbR53e/G4iMPR1g6iU/OZMPRSL62NTsINZSVEcYdZDTjl65rqd8nZT+Pv8SnSAA==}
    engines: {node: '>=14.21.3'}
    cpu: [wasm32]

  '@rolldown/binding-win32-arm64-msvc@1.0.0-beta.3-commit.ca90fa2':
    resolution: {integrity: sha512-wWAqKV9VKtYuHwNuZ25vRW71r74nZ2J6VKv1Nfc+ODhyB5RIgQriyaLcIt6SUexCLhodnBAAEfo/PeKICk04gg==}
    cpu: [arm64]
    os: [win32]

  '@rolldown/binding-win32-ia32-msvc@1.0.0-beta.3-commit.ca90fa2':
    resolution: {integrity: sha512-0w8JgAJQ0uvH+lfc4sIxDB9MZe0CX43ZQ3EACtQ8gJmGsib3CdTTKd1qTl2+fV2oFdzQgnneKlFmmtErWwxWQQ==}
    cpu: [ia32]
    os: [win32]

  '@rolldown/binding-win32-x64-msvc@1.0.0-beta.3-commit.ca90fa2':
    resolution: {integrity: sha512-gVW1o7LdR6i/XEwkvk8hrk6CXKgTaipZ4r1Y2RW1zBs4oc+WTpm6lRr7NBjEqg731F7ga0VVJOHl2F+RgZSHTg==}
    cpu: [x64]
    os: [win32]

  '@rollup/rollup-android-arm-eabi@4.34.8':
    resolution: {integrity: sha512-q217OSE8DTp8AFHuNHXo0Y86e1wtlfVrXiAlwkIvGRQv9zbc6mE3sjIVfwI8sYUyNxwOg0j/Vm1RKM04JcWLJw==}
    cpu: [arm]
    os: [android]

  '@rollup/rollup-android-arm64@4.34.8':
    resolution: {integrity: sha512-Gigjz7mNWaOL9wCggvoK3jEIUUbGul656opstjaUSGC3eT0BM7PofdAJaBfPFWWkXNVAXbaQtC99OCg4sJv70Q==}
    cpu: [arm64]
    os: [android]

  '@rollup/rollup-darwin-arm64@4.34.8':
    resolution: {integrity: sha512-02rVdZ5tgdUNRxIUrFdcMBZQoaPMrxtwSb+/hOfBdqkatYHR3lZ2A2EGyHq2sGOd0Owk80oV3snlDASC24He3Q==}
    cpu: [arm64]
    os: [darwin]

  '@rollup/rollup-darwin-x64@4.34.8':
    resolution: {integrity: sha512-qIP/elwR/tq/dYRx3lgwK31jkZvMiD6qUtOycLhTzCvrjbZ3LjQnEM9rNhSGpbLXVJYQ3rq39A6Re0h9tU2ynw==}
    cpu: [x64]
    os: [darwin]

  '@rollup/rollup-freebsd-arm64@4.34.8':
    resolution: {integrity: sha512-IQNVXL9iY6NniYbTaOKdrlVP3XIqazBgJOVkddzJlqnCpRi/yAeSOa8PLcECFSQochzqApIOE1GHNu3pCz+BDA==}
    cpu: [arm64]
    os: [freebsd]

  '@rollup/rollup-freebsd-x64@4.34.8':
    resolution: {integrity: sha512-TYXcHghgnCqYFiE3FT5QwXtOZqDj5GmaFNTNt3jNC+vh22dc/ukG2cG+pi75QO4kACohZzidsq7yKTKwq/Jq7Q==}
    cpu: [x64]
    os: [freebsd]

  '@rollup/rollup-linux-arm-gnueabihf@4.34.8':
    resolution: {integrity: sha512-A4iphFGNkWRd+5m3VIGuqHnG3MVnqKe7Al57u9mwgbyZ2/xF9Jio72MaY7xxh+Y87VAHmGQr73qoKL9HPbXj1g==}
    cpu: [arm]
    os: [linux]

  '@rollup/rollup-linux-arm-musleabihf@4.34.8':
    resolution: {integrity: sha512-S0lqKLfTm5u+QTxlFiAnb2J/2dgQqRy/XvziPtDd1rKZFXHTyYLoVL58M/XFwDI01AQCDIevGLbQrMAtdyanpA==}
    cpu: [arm]
    os: [linux]

  '@rollup/rollup-linux-arm64-gnu@4.34.8':
    resolution: {integrity: sha512-jpz9YOuPiSkL4G4pqKrus0pn9aYwpImGkosRKwNi+sJSkz+WU3anZe6hi73StLOQdfXYXC7hUfsQlTnjMd3s1A==}
    cpu: [arm64]
    os: [linux]

  '@rollup/rollup-linux-arm64-musl@4.34.8':
    resolution: {integrity: sha512-KdSfaROOUJXgTVxJNAZ3KwkRc5nggDk+06P6lgi1HLv1hskgvxHUKZ4xtwHkVYJ1Rep4GNo+uEfycCRRxht7+Q==}
    cpu: [arm64]
    os: [linux]

  '@rollup/rollup-linux-loongarch64-gnu@4.34.8':
    resolution: {integrity: sha512-NyF4gcxwkMFRjgXBM6g2lkT58OWztZvw5KkV2K0qqSnUEqCVcqdh2jN4gQrTn/YUpAcNKyFHfoOZEer9nwo6uQ==}
    cpu: [loong64]
    os: [linux]

  '@rollup/rollup-linux-powerpc64le-gnu@4.34.8':
    resolution: {integrity: sha512-LMJc999GkhGvktHU85zNTDImZVUCJ1z/MbAJTnviiWmmjyckP5aQsHtcujMjpNdMZPT2rQEDBlJfubhs3jsMfw==}
    cpu: [ppc64]
    os: [linux]

  '@rollup/rollup-linux-riscv64-gnu@4.34.8':
    resolution: {integrity: sha512-xAQCAHPj8nJq1PI3z8CIZzXuXCstquz7cIOL73HHdXiRcKk8Ywwqtx2wrIy23EcTn4aZ2fLJNBB8d0tQENPCmw==}
    cpu: [riscv64]
    os: [linux]

  '@rollup/rollup-linux-s390x-gnu@4.34.8':
    resolution: {integrity: sha512-DdePVk1NDEuc3fOe3dPPTb+rjMtuFw89gw6gVWxQFAuEqqSdDKnrwzZHrUYdac7A7dXl9Q2Vflxpme15gUWQFA==}
    cpu: [s390x]
    os: [linux]

  '@rollup/rollup-linux-x64-gnu@4.34.8':
    resolution: {integrity: sha512-8y7ED8gjxITUltTUEJLQdgpbPh1sUQ0kMTmufRF/Ns5tI9TNMNlhWtmPKKHCU0SilX+3MJkZ0zERYYGIVBYHIA==}
    cpu: [x64]
    os: [linux]

  '@rollup/rollup-linux-x64-musl@4.34.8':
    resolution: {integrity: sha512-SCXcP0ZpGFIe7Ge+McxY5zKxiEI5ra+GT3QRxL0pMMtxPfpyLAKleZODi1zdRHkz5/BhueUrYtYVgubqe9JBNQ==}
    cpu: [x64]
    os: [linux]

  '@rollup/rollup-win32-arm64-msvc@4.34.8':
    resolution: {integrity: sha512-YHYsgzZgFJzTRbth4h7Or0m5O74Yda+hLin0irAIobkLQFRQd1qWmnoVfwmKm9TXIZVAD0nZ+GEb2ICicLyCnQ==}
    cpu: [arm64]
    os: [win32]

  '@rollup/rollup-win32-ia32-msvc@4.34.8':
    resolution: {integrity: sha512-r3NRQrXkHr4uWy5TOjTpTYojR9XmF0j/RYgKCef+Ag46FWUTltm5ziticv8LdNsDMehjJ543x/+TJAek/xBA2w==}
    cpu: [ia32]
    os: [win32]

  '@rollup/rollup-win32-x64-msvc@4.34.8':
    resolution: {integrity: sha512-U0FaE5O1BCpZSeE6gBl3c5ObhePQSfk9vDRToMmTkbhCOgW4jqvtS5LGyQ76L1fH8sM0keRp4uDTsbjiUyjk0g==}
    cpu: [x64]
    os: [win32]

  '@tybys/wasm-util@0.9.0':
    resolution: {integrity: sha512-6+7nlbMVX/PVDCwaIQ8nTOPveOcFLSt8GcXdx8hD0bt39uWxYT88uXzqTd4fTvqta7oeUJqudepapKNt2DYJFw==}

  '@types/estree@1.0.6':
    resolution: {integrity: sha512-AYnb1nQyY49te+VRAVgmzfcgjYS91mY5P0TKUDCLEM+gNnA+3T6rWITXRLYCpahpqSQbN5cE+gHpnPyXjHWxcw==}

  '@valibot/to-json-schema@1.0.0-beta.5':
    resolution: {integrity: sha512-8aI2sG98gWS+6YuIL3OMkg60sImhICPdZIFCV1XDyX8k6UOCX+MgXaeR3f2fDShuNXYHV46vcjWRpov8ojzDNw==}
    peerDependencies:
      valibot: ^1.0.0 || ^1.0.0-beta.5 || ^1.0.0-rc

  esrap@1.4.5:
    resolution: {integrity: sha512-CjNMjkBWWZeHn+VX+gS8YvFwJ5+NDhg8aWZBSFJPR8qQduDNjbJodA2WcwCm7uQa5Rjqj+nZvVmceg1RbHFB9g==}

  fsevents@2.3.3:
    resolution: {integrity: sha512-5xoDfX+fL7faATnagmWPpbFtwh/R77WmMMqqHGS65C3vvB0YHrgF+B1YmZ3441tMj5n63k0212XNoJwzlhffQw==}
    engines: {node: ^8.16.0 || ^10.6.0 || >=11.0.0}
    os: [darwin]

  js-tokens@4.0.0:
    resolution: {integrity: sha512-RdJUflcE3cUzKiMqQgsCu06FPu9UdIJO0beYbPhHN4k6apgJtifcoCtT9bcxOpYBtpD2kCM6Sbzg4CausW/PKQ==}

  magic-string@0.30.17:
    resolution: {integrity: sha512-sNPKHvyjVf7gyjwS4xGTaW/mCnF8wnjtifKBEhxfZ7E/S8tQ0rssrwGNn6q8JH/ohItJfSQp9mBtQYuTlH5QnA==}

  picocolors@1.1.1:
    resolution: {integrity: sha512-xceH2snhtb5M9liqDsmEw56le376mTZkEX/jEb/RxNFyegNul7eNslCXP9FDj/Lcu0X8KEyMceP2ntpaHrDEVA==}

  rolldown@1.0.0-beta.3-commit.ca90fa2:
    resolution: {integrity: sha512-BCFZQTk/XBxQp1ZuHy4RtmQ/jecXbajrjgmWEXGaGZJAWwkPhYqGadwJ9XrvQucHKeGaYCPYG4JLgSNj7/+9XQ==}
    hasBin: true
    peerDependencies:
      '@oxc-project/runtime': 0.52.0
    peerDependenciesMeta:
      '@oxc-project/runtime':
        optional: true

  rollup-plugin-dts@6.1.1:
    resolution: {integrity: sha512-aSHRcJ6KG2IHIioYlvAOcEq6U99sVtqDDKVhnwt70rW6tsz3tv5OSjEiWcgzfsHdLyGXZ/3b/7b/+Za3Y6r1XA==}
    engines: {node: '>=16'}
    peerDependencies:
      rollup: ^3.29.4 || ^4
      typescript: ^4.5 || ^5.0

  rollup@4.34.8:
    resolution: {integrity: sha512-489gTVMzAYdiZHFVA/ig/iYFllCcWFHMvUHI1rpFmkoUtRlQxqh6/yiNqnYibjMZ2b/+FUQwldG+aLsEt6bglQ==}
    engines: {node: '>=18.0.0', npm: '>=8.0.0'}
    hasBin: true

  tslib@2.8.1:
    resolution: {integrity: sha512-oJFu94HQb+KVduSUQL7wnpmqnfmLsOA/nAh6b6EH0wCEoK0/mPeXU6c3wKDV83MkOuHPRHtSXKKU99IBazS/2w==}

  typescript@5.7.3:
    resolution: {integrity: sha512-84MVSjMEHP+FQRPy3pX9sTVV/INIex71s9TL2Gm5FG/WG1SqXeKyZ0k7/blY/4FdOzI12CBy1vGc4og/eus0fw==}
    engines: {node: '>=14.17'}
    hasBin: true

  valibot@1.0.0-beta.14:
    resolution: {integrity: sha512-tLyV2rE5QL6U29MFy3xt4AqMrn+/HErcp2ZThASnQvPMwfSozjV1uBGKIGiegtZIGjinJqn0SlBdannf18wENA==}
    peerDependencies:
      typescript: '>=5'
    peerDependenciesMeta:
      typescript:
        optional: true

snapshots:

  '@babel/code-frame@7.26.2':
    dependencies:
      '@babel/helper-validator-identifier': 7.25.9
      js-tokens: 4.0.0
      picocolors: 1.1.1
    optional: true

  '@babel/helper-validator-identifier@7.25.9':
    optional: true

  '@emnapi/core@1.3.1':
    dependencies:
      '@emnapi/wasi-threads': 1.0.1
      tslib: 2.8.1
    optional: true

  '@emnapi/runtime@1.3.1':
    dependencies:
      tslib: 2.8.1
    optional: true

  '@emnapi/wasi-threads@1.0.1':
    dependencies:
      tslib: 2.8.1
    optional: true

  '@jridgewell/sourcemap-codec@1.5.0': {}

  '@napi-rs/wasm-runtime@0.2.7':
    dependencies:
      '@emnapi/core': 1.3.1
      '@emnapi/runtime': 1.3.1
      '@tybys/wasm-util': 0.9.0
    optional: true

  '@oxc-project/types@0.52.0': {}

  '@rolldown/binding-darwin-arm64@1.0.0-beta.3-commit.ca90fa2':
    optional: true

  '@rolldown/binding-darwin-x64@1.0.0-beta.3-commit.ca90fa2':
    optional: true

  '@rolldown/binding-freebsd-x64@1.0.0-beta.3-commit.ca90fa2':
    optional: true

  '@rolldown/binding-linux-arm-gnueabihf@1.0.0-beta.3-commit.ca90fa2':
    optional: true

  '@rolldown/binding-linux-arm64-gnu@1.0.0-beta.3-commit.ca90fa2':
    optional: true

  '@rolldown/binding-linux-arm64-musl@1.0.0-beta.3-commit.ca90fa2':
    optional: true

  '@rolldown/binding-linux-x64-gnu@1.0.0-beta.3-commit.ca90fa2':
    optional: true

  '@rolldown/binding-linux-x64-musl@1.0.0-beta.3-commit.ca90fa2':
    optional: true

  '@rolldown/binding-wasm32-wasi@1.0.0-beta.3-commit.ca90fa2':
    dependencies:
      '@napi-rs/wasm-runtime': 0.2.7
    optional: true

  '@rolldown/binding-win32-arm64-msvc@1.0.0-beta.3-commit.ca90fa2':
    optional: true

  '@rolldown/binding-win32-ia32-msvc@1.0.0-beta.3-commit.ca90fa2':
    optional: true

  '@rolldown/binding-win32-x64-msvc@1.0.0-beta.3-commit.ca90fa2':
    optional: true

  '@rollup/rollup-android-arm-eabi@4.34.8':
    optional: true

  '@rollup/rollup-android-arm64@4.34.8':
    optional: true

  '@rollup/rollup-darwin-arm64@4.34.8':
    optional: true

  '@rollup/rollup-darwin-x64@4.34.8':
    optional: true

  '@rollup/rollup-freebsd-arm64@4.34.8':
    optional: true

  '@rollup/rollup-freebsd-x64@4.34.8':
    optional: true

  '@rollup/rollup-linux-arm-gnueabihf@4.34.8':
    optional: true

  '@rollup/rollup-linux-arm-musleabihf@4.34.8':
    optional: true

  '@rollup/rollup-linux-arm64-gnu@4.34.8':
    optional: true

  '@rollup/rollup-linux-arm64-musl@4.34.8':
    optional: true

  '@rollup/rollup-linux-loongarch64-gnu@4.34.8':
    optional: true

  '@rollup/rollup-linux-powerpc64le-gnu@4.34.8':
    optional: true

  '@rollup/rollup-linux-riscv64-gnu@4.34.8':
    optional: true

  '@rollup/rollup-linux-s390x-gnu@4.34.8':
    optional: true

  '@rollup/rollup-linux-x64-gnu@4.34.8':
    optional: true

  '@rollup/rollup-linux-x64-musl@4.34.8':
    optional: true

  '@rollup/rollup-win32-arm64-msvc@4.34.8':
    optional: true

  '@rollup/rollup-win32-ia32-msvc@4.34.8':
    optional: true

  '@rollup/rollup-win32-x64-msvc@4.34.8':
    optional: true

  '@tybys/wasm-util@0.9.0':
    dependencies:
      tslib: 2.8.1
    optional: true

  '@types/estree@1.0.6': {}

  '@valibot/to-json-schema@1.0.0-beta.5(valibot@1.0.0-beta.14(typescript@5.7.3))':
    dependencies:
      valibot: 1.0.0-beta.14(typescript@5.7.3)

  esrap@1.4.5:
    dependencies:
      '@jridgewell/sourcemap-codec': 1.5.0

  fsevents@2.3.3:
    optional: true

  js-tokens@4.0.0:
    optional: true

  magic-string@0.30.17:
    dependencies:
      '@jridgewell/sourcemap-codec': 1.5.0

  picocolors@1.1.1:
    optional: true

  rolldown@1.0.0-beta.3-commit.ca90fa2(typescript@5.7.3):
    dependencies:
      '@oxc-project/types': 0.52.0
      '@valibot/to-json-schema': 1.0.0-beta.5(valibot@1.0.0-beta.14(typescript@5.7.3))
      valibot: 1.0.0-beta.14(typescript@5.7.3)
    optionalDependencies:
      '@rolldown/binding-darwin-arm64': 1.0.0-beta.3-commit.ca90fa2
      '@rolldown/binding-darwin-x64': 1.0.0-beta.3-commit.ca90fa2
      '@rolldown/binding-freebsd-x64': 1.0.0-beta.3-commit.ca90fa2
      '@rolldown/binding-linux-arm-gnueabihf': 1.0.0-beta.3-commit.ca90fa2
      '@rolldown/binding-linux-arm64-gnu': 1.0.0-beta.3-commit.ca90fa2
      '@rolldown/binding-linux-arm64-musl': 1.0.0-beta.3-commit.ca90fa2
      '@rolldown/binding-linux-x64-gnu': 1.0.0-beta.3-commit.ca90fa2
      '@rolldown/binding-linux-x64-musl': 1.0.0-beta.3-commit.ca90fa2
      '@rolldown/binding-wasm32-wasi': 1.0.0-beta.3-commit.ca90fa2
      '@rolldown/binding-win32-arm64-msvc': 1.0.0-beta.3-commit.ca90fa2
      '@rolldown/binding-win32-ia32-msvc': 1.0.0-beta.3-commit.ca90fa2
      '@rolldown/binding-win32-x64-msvc': 1.0.0-beta.3-commit.ca90fa2
    transitivePeerDependencies:
      - typescript

  rollup-plugin-dts@6.1.1(rollup@4.34.8)(typescript@5.7.3):
    dependencies:
      magic-string: 0.30.17
      rollup: 4.34.8
      typescript: 5.7.3
    optionalDependencies:
      '@babel/code-frame': 7.26.2

  rollup@4.34.8:
    dependencies:
      '@types/estree': 1.0.6
    optionalDependencies:
      '@rollup/rollup-android-arm-eabi': 4.34.8
      '@rollup/rollup-android-arm64': 4.34.8
      '@rollup/rollup-darwin-arm64': 4.34.8
      '@rollup/rollup-darwin-x64': 4.34.8
      '@rollup/rollup-freebsd-arm64': 4.34.8
      '@rollup/rollup-freebsd-x64': 4.34.8
      '@rollup/rollup-linux-arm-gnueabihf': 4.34.8
      '@rollup/rollup-linux-arm-musleabihf': 4.34.8
      '@rollup/rollup-linux-arm64-gnu': 4.34.8
      '@rollup/rollup-linux-arm64-musl': 4.34.8
      '@rollup/rollup-linux-loongarch64-gnu': 4.34.8
      '@rollup/rollup-linux-powerpc64le-gnu': 4.34.8
      '@rollup/rollup-linux-riscv64-gnu': 4.34.8
      '@rollup/rollup-linux-s390x-gnu': 4.34.8
      '@rollup/rollup-linux-x64-gnu': 4.34.8
      '@rollup/rollup-linux-x64-musl': 4.34.8
      '@rollup/rollup-win32-arm64-msvc': 4.34.8
      '@rollup/rollup-win32-ia32-msvc': 4.34.8
      '@rollup/rollup-win32-x64-msvc': 4.34.8
      fsevents: 2.3.3

  tslib@2.8.1:
    optional: true

  typescript@5.7.3: {}

  valibot@1.0.0-beta.14(typescript@5.7.3):
    optionalDependencies:
      typescript: 5.7.3
