{
	"name": "vite-18091-sass-recurrence-oom",
	"lockfileVersion": 3,
	"requires": true,
	"packages": {
		"": {
			"devDependencies": {
				"sass": "^1.78.0",
				"sass-embedded": "^1.78.0"
			}
		},
		"node_modules/@bufbuild/protobuf": {
			"version": "1.10.0",
			"resolved": "https://registry.npmjs.org/@bufbuild/protobuf/-/protobuf-1.10.0.tgz",
			"integrity": "sha512-QDdVFLoN93Zjg36NoQPZfsVH9tZew7wKDKyV5qRdj8ntT4wQCOradQjRaTdwMhWUYsgKsvCINKKm87FdEk96Ag==",
			"dev": true,
			"license": "(Apache-2.0 AND BSD-3-Clause)"
		},
		"node_modules/anymatch": {
			"version": "3.1.3",
			"resolved": "https://registry.npmjs.org/anymatch/-/anymatch-3.1.3.tgz",
			"integrity": "sha512-KMReFUr0B4t+D+OBkjR3KYqvocp2XaSzO55UcB6mgQMd3KbcE+mWTyvVV7D/zsdEbNnV6acZUutkiHQXvTr1Rw==",
			"dev": true,
			"license": "ISC",
			"dependencies": {
				"normalize-path": "^3.0.0",
				"picomatch": "^2.0.4"
			},
			"engines": {
				"node": ">= 8"
			}
		},
		"node_modules/binary-extensions": {
			"version": "2.3.0",
			"resolved": "https://registry.npmjs.org/binary-extensions/-/binary-extensions-2.3.0.tgz",
			"integrity": "sha512-Ceh+7ox5qe7LJuLHoY0feh3pHuUDHAcRUeyL2VYghZwfpkNIy/+8Ocg0a3UuSoYzavmylwuLWQOf3hl0jjMMIw==",
			"dev": true,
			"license": "MIT",
			"engines": {
				"node": ">=8"
			},
			"funding": {
				"url": "https://github.com/sponsors/sindresorhus"
			}
		},
		"node_modules/braces": {
			"version": "3.0.3",
			"resolved": "https://registry.npmjs.org/braces/-/braces-3.0.3.tgz",
			"integrity": "sha512-yQbXgO/OSZVD2IsiLlro+7Hf6Q18EJrKSEsdoMzKePKXct3gvD8oLcOQdIzGupr5Fj+EDe8gO/lxc1BzfMpxvA==",
			"dev": true,
			"license": "MIT",
			"dependencies": {
				"fill-range": "^7.1.1"
			},
			"engines": {
				"node": ">=8"
			}
		},
		"node_modules/buffer-builder": {
			"version": "0.2.0",
			"resolved": "https://registry.npmjs.org/buffer-builder/-/buffer-builder-0.2.0.tgz",
			"integrity": "sha512-7VPMEPuYznPSoR21NE1zvd2Xna6c/CloiZCfcMXR1Jny6PjX0N4Nsa38zcBFo/FMK+BlA+FLKbJCQ0i2yxp+Xg==",
			"dev": true,
			"license": "MIT/X11"
		},
		"node_modules/chokidar": {
			"version": "3.6.0",
			"resolved": "https://registry.npmjs.org/chokidar/-/chokidar-3.6.0.tgz",
			"integrity": "sha512-7VT13fmjotKpGipCW9JEQAusEPE+Ei8nl6/g4FBAmIm0GOOLMua9NDDo/DWp0ZAxCr3cPq5ZpBqmPAQgDda2Pw==",
			"dev": true,
			"license": "MIT",
			"dependencies": {
				"anymatch": "~3.1.2",
				"braces": "~3.0.2",
				"glob-parent": "~5.1.2",
				"is-binary-path": "~2.1.0",
				"is-glob": "~4.0.1",
				"normalize-path": "~3.0.0",
				"readdirp": "~3.6.0"
			},
			"engines": {
				"node": ">= 8.10.0"
			},
			"funding": {
				"url": "https://paulmillr.com/funding/"
			},
			"optionalDependencies": {
				"fsevents": "~2.3.2"
			}
		},
		"node_modules/fill-range": {
			"version": "7.1.1",
			"resolved": "https://registry.npmjs.org/fill-range/-/fill-range-7.1.1.tgz",
			"integrity": "sha512-YsGpe3WHLK8ZYi4tWDg2Jy3ebRz2rXowDxnld4bkQB00cc/1Zw9AWnC0i9ztDJitivtQvaI9KaLyKrc+hBW0yg==",
			"dev": true,
			"license": "MIT",
			"dependencies": {
				"to-regex-range": "^5.0.1"
			},
			"engines": {
				"node": ">=8"
			}
		},
		"node_modules/fsevents": {
			"version": "2.3.3",
			"resolved": "https://registry.npmjs.org/fsevents/-/fsevents-2.3.3.tgz",
			"integrity": "sha512-5xoDfX+fL7faATnagmWPpbFtwh/R77WmMMqqHGS65C3vvB0YHrgF+B1YmZ3441tMj5n63k0212XNoJwzlhffQw==",
			"dev": true,
			"hasInstallScript": true,
			"license": "MIT",
			"optional": true,
			"os": [
				"darwin"
			],
			"engines": {
				"node": "^8.16.0 || ^10.6.0 || >=11.0.0"
			}
		},
		"node_modules/glob-parent": {
			"version": "5.1.2",
			"resolved": "https://registry.npmjs.org/glob-parent/-/glob-parent-5.1.2.tgz",
			"integrity": "sha512-AOIgSQCepiJYwP3ARnGx+5VnTu2HBYdzbGP45eLw1vr3zB3vZLeyed1sC9hnbcOc9/SrMyM5RPQrkGz4aS9Zow==",
			"dev": true,
			"license": "ISC",
			"dependencies": {
				"is-glob": "^4.0.1"
			},
			"engines": {
				"node": ">= 6"
			}
		},
		"node_modules/has-flag": {
			"version": "4.0.0",
			"resolved": "https://registry.npmjs.org/has-flag/-/has-flag-4.0.0.tgz",
			"integrity": "sha512-EykJT/Q1KjTWctppgIAgfSO0tKVuZUjhgMr17kqTumMl6Afv3EISleU7qZUzoXDFTAHTDC4NOoG/ZxU3EvlMPQ==",
			"dev": true,
			"license": "MIT",
			"engines": {
				"node": ">=8"
			}
		},
		"node_modules/immutable": {
			"version": "4.3.7",
			"resolved": "https://registry.npmjs.org/immutable/-/immutable-4.3.7.tgz",
			"integrity": "sha512-1hqclzwYwjRDFLjcFxOM5AYkkG0rpFPpr1RLPMEuGczoS7YA8gLhy8SWXYRAA/XwfEHpfo3cw5JGioS32fnMRw==",
			"dev": true,
			"license": "MIT"
		},
		"node_modules/is-binary-path": {
			"version": "2.1.0",
			"resolved": "https://registry.npmjs.org/is-binary-path/-/is-binary-path-2.1.0.tgz",
			"integrity": "sha512-ZMERYes6pDydyuGidse7OsHxtbI7WVeUEozgR/g7rd0xUimYNlvZRE/K2MgZTjWy725IfelLeVcEM97mmtRGXw==",
			"dev": true,
			"license": "MIT",
			"dependencies": {
				"binary-extensions": "^2.0.0"
			},
			"engines": {
				"node": ">=8"
			}
		},
		"node_modules/is-extglob": {
			"version": "2.1.1",
			"resolved": "https://registry.npmjs.org/is-extglob/-/is-extglob-2.1.1.tgz",
			"integrity": "sha512-SbKbANkN603Vi4jEZv49LeVJMn4yGwsbzZworEoyEiutsN3nJYdbO36zfhGJ6QEDpOZIFkDtnq5JRxmvl3jsoQ==",
			"dev": true,
			"license": "MIT",
			"engines": {
				"node": ">=0.10.0"
			}
		},
		"node_modules/is-glob": {
			"version": "4.0.3",
			"resolved": "https://registry.npmjs.org/is-glob/-/is-glob-4.0.3.tgz",
			"integrity": "sha512-xelSayHH36ZgE7ZWhli7pW34hNbNl8Ojv5KVmkJD4hBdD3th8Tfk9vYasLM+mXWOZhFkgZfxhLSnrwRr4elSSg==",
			"dev": true,
			"license": "MIT",
			"dependencies": {
				"is-extglob": "^2.1.1"
			},
			"engines": {
				"node": ">=0.10.0"
			}
		},
		"node_modules/is-number": {
			"version": "7.0.0",
			"resolved": "https://registry.npmjs.org/is-number/-/is-number-7.0.0.tgz",
			"integrity": "sha512-41Cifkg6e8TylSpdtTpeLVMqvSBEVzTttHvERD741+pnZ8ANv0004MRL43QKPDlK9cGvNp6NZWZUBlbGXYxxng==",
			"dev": true,
			"license": "MIT",
			"engines": {
				"node": ">=0.12.0"
			}
		},
		"node_modules/normalize-path": {
			"version": "3.0.0",
			"resolved": "https://registry.npmjs.org/normalize-path/-/normalize-path-3.0.0.tgz",
			"integrity": "sha512-6eZs5Ls3WtCisHWp9S2GUy8dqkpGi4BVSz3GaqiE6ezub0512ESztXUwUB6C6IKbQkY2Pnb/mD4WYojCRwcwLA==",
			"dev": true,
			"license": "MIT",
			"engines": {
				"node": ">=0.10.0"
			}
		},
		"node_modules/picomatch": {
			"version": "2.3.1",
			"resolved": "https://registry.npmjs.org/picomatch/-/picomatch-2.3.1.tgz",
			"integrity": "sha512-JU3teHTNjmE2VCGFzuY8EXzCDVwEqB2a8fsIvwaStHhAWJEeVd1o1QD80CU6+ZdEXXSLbSsuLwJjkCBWqRQUVA==",
			"dev": true,
			"license": "MIT",
			"engines": {
				"node": ">=8.6"
			},
			"funding": {
				"url": "https://github.com/sponsors/jonschlinkert"
			}
		},
		"node_modules/readdirp": {
			"version": "3.6.0",
			"resolved": "https://registry.npmjs.org/readdirp/-/readdirp-3.6.0.tgz",
			"integrity": "sha512-hOS089on8RduqdbhvQ5Z37A0ESjsqz6qnRcffsMU3495FuTdqSm+7bhJ29JvIOsBDEEnan5DPu9t3To9VRlMzA==",
			"dev": true,
			"license": "MIT",
			"dependencies": {
				"picomatch": "^2.2.1"
			},
			"engines": {
				"node": ">=8.10.0"
			}
		},
		"node_modules/rxjs": {
			"version": "7.8.1",
			"resolved": "https://registry.npmjs.org/rxjs/-/rxjs-7.8.1.tgz",
			"integrity": "sha512-AA3TVj+0A2iuIoQkWEK/tqFjBq2j+6PO6Y0zJcvzLAFhEFIO3HL0vls9hWLncZbAAbK0mar7oZ4V079I/qPMxg==",
			"dev": true,
			"license": "Apache-2.0",
			"dependencies": {
				"tslib": "^2.1.0"
			}
		},
		"node_modules/sass": {
			"version": "1.78.0",
			"resolved": "https://registry.npmjs.org/sass/-/sass-1.78.0.tgz",
			"integrity": "sha512-AaIqGSrjo5lA2Yg7RvFZrlXDBCp3nV4XP73GrLGvdRWWwk+8H3l0SDvq/5bA4eF+0RFPLuWUk3E+P1U/YqnpsQ==",
			"dev": true,
			"license": "MIT",
			"dependencies": {
				"chokidar": ">=3.0.0 <4.0.0",
				"immutable": "^4.0.0",
				"source-map-js": ">=0.6.2 <2.0.0"
			},
			"bin": {
				"sass": "sass.js"
			},
			"engines": {
				"node": ">=14.0.0"
			}
		},
		"node_modules/sass-embedded": {
			"version": "1.78.0",
			"resolved": "https://registry.npmjs.org/sass-embedded/-/sass-embedded-1.78.0.tgz",
			"integrity": "sha512-NR2kvhWVFABmBm0AqgFw9OweQycs0Qs+/teJ9Su+BUY7up+f8S5F/Zi+7QtAqJlewsQyUNfzm1vRuM+20lBwRQ==",
			"dev": true,
			"license": "MIT",
			"dependencies": {
				"@bufbuild/protobuf": "^1.0.0",
				"buffer-builder": "^0.2.0",
				"immutable": "^4.0.0",
				"rxjs": "^7.4.0",
				"supports-color": "^8.1.1",
				"varint": "^6.0.0"
			},
			"bin": {
				"sass": "dist/bin/sass.js"
			},
			"engines": {
				"node": ">=16.0.0"
			},
			"optionalDependencies": {
				"sass-embedded-android-arm": "1.78.0",
				"sass-embedded-android-arm64": "1.78.0",
				"sass-embedded-android-ia32": "1.78.0",
				"sass-embedded-android-riscv64": "1.78.0",
				"sass-embedded-android-x64": "1.78.0",
				"sass-embedded-darwin-arm64": "1.78.0",
				"sass-embedded-darwin-x64": "1.78.0",
				"sass-embedded-linux-arm": "1.78.0",
				"sass-embedded-linux-arm64": "1.78.0",
				"sass-embedded-linux-ia32": "1.78.0",
				"sass-embedded-linux-musl-arm": "1.78.0",
				"sass-embedded-linux-musl-arm64": "1.78.0",
				"sass-embedded-linux-musl-ia32": "1.78.0",
				"sass-embedded-linux-musl-riscv64": "1.78.0",
				"sass-embedded-linux-musl-x64": "1.78.0",
				"sass-embedded-linux-riscv64": "1.78.0",
				"sass-embedded-linux-x64": "1.78.0",
				"sass-embedded-win32-arm64": "1.78.0",
				"sass-embedded-win32-ia32": "1.78.0",
				"sass-embedded-win32-x64": "1.78.0"
			}
		},
		"node_modules/sass-embedded-android-arm": {
			"version": "1.78.0",
			"resolved": "https://registry.npmjs.org/sass-embedded-android-arm/-/sass-embedded-android-arm-1.78.0.tgz",
			"integrity": "sha512-YM6nrmKsj+ImaSTd96F+jzbWSbhPkRN4kedbLgIJ5FsILNa9NAqhmrCQz9pdcjuAhyfxWImdUACsT23CPGENZQ==",
			"cpu": [
				"arm"
			],
			"dev": true,
			"license": "MIT",
			"optional": true,
			"os": [
				"android"
			],
			"engines": {
				"node": ">=14.0.0"
			}
		},
		"node_modules/sass-embedded-android-arm64": {
			"version": "1.78.0",
			"resolved": "https://registry.npmjs.org/sass-embedded-android-arm64/-/sass-embedded-android-arm64-1.78.0.tgz",
			"integrity": "sha512-2sAr11EgwPudAuyk4Ite+fWGYJspiFSiZDU2D8/vjjI7BaB9FG6ksYqww3svoMMnjPUWBCjKPDELpZTxViLJbw==",
			"cpu": [
				"arm64"
			],
			"dev": true,
			"license": "MIT",
			"optional": true,
			"os": [
				"android"
			],
			"engines": {
				"node": ">=14.0.0"
			}
		},
		"node_modules/sass-embedded-android-ia32": {
			"version": "1.78.0",
			"resolved": "https://registry.npmjs.org/sass-embedded-android-ia32/-/sass-embedded-android-ia32-1.78.0.tgz",
			"integrity": "sha512-TyJOo4TgnHpOfC/PfqCBqd+jGRanWoRd4Br/0KAfIvaIFjTGIPdk26vUyDVugV1J8QUEY4INGE8EXAuDeRldUQ==",
			"cpu": [
				"ia32"
			],
			"dev": true,
			"license": "MIT",
			"optional": true,
			"os": [
				"android"
			],
			"engines": {
				"node": ">=14.0.0"
			}
		},
		"node_modules/sass-embedded-android-riscv64": {
			"version": "1.78.0",
			"resolved": "https://registry.npmjs.org/sass-embedded-android-riscv64/-/sass-embedded-android-riscv64-1.78.0.tgz",
			"integrity": "sha512-wwajpsVRuhb7ixrkA3Yu60V2LtROYn45PIYeda30/MrMJi9k3xEqHLhodTexFm6wZoKclGSDZ6L9U5q0XyRKiQ==",
			"cpu": [
				"riscv64"
			],
			"dev": true,
			"license": "MIT",
			"optional": true,
			"os": [
				"android"
			],
			"engines": {
				"node": ">=14.0.0"
			}
		},
		"node_modules/sass-embedded-android-x64": {
			"version": "1.78.0",
			"resolved": "https://registry.npmjs.org/sass-embedded-android-x64/-/sass-embedded-android-x64-1.78.0.tgz",
			"integrity": "sha512-k5l66PO0LgSHMDbDzAQ/vqrXMlJ3r42ZHJA8MJvUbA6sQxTzDS381V7L+EhOATwyI225j2FhEeTHW6rr4WBQzA==",
			"cpu": [
				"x64"
			],
			"dev": true,
			"license": "MIT",
			"optional": true,
			"os": [
				"android"
			],
			"engines": {
				"node": ">=14.0.0"
			}
		},
		"node_modules/sass-embedded-darwin-arm64": {
			"version": "1.78.0",
			"resolved": "https://registry.npmjs.org/sass-embedded-darwin-arm64/-/sass-embedded-darwin-arm64-1.78.0.tgz",
			"integrity": "sha512-3JaxceFSR6N+a22hPYYkj1p45eBaWTt/M8MPTbfzU3TGZrU9bmRX7WlUVtXTo1yYI2iMf22nCv0PQ5ExFF3FMQ==",
			"cpu": [
				"arm64"
			],
			"dev": true,
			"license": "MIT",
			"optional": true,
			"os": [
				"darwin"
			],
			"engines": {
				"node": ">=14.0.0"
			}
		},
		"node_modules/sass-embedded-darwin-x64": {
			"version": "1.78.0",
			"resolved": "https://registry.npmjs.org/sass-embedded-darwin-x64/-/sass-embedded-darwin-x64-1.78.0.tgz",
			"integrity": "sha512-UMTijqE3fJ8vEaaD7GPG7G3GsHuPKOdpS8vuA2v2uwO3BPFp/rEKah66atvGqvGO+0JYApkSv0YTnnexSrkHIQ==",
			"cpu": [
				"x64"
			],
			"dev": true,
			"license": "MIT",
			"optional": true,
			"os": [
				"darwin"
			],
			"engines": {
				"node": ">=14.0.0"
			}
		},
		"node_modules/sass-embedded-linux-arm": {
			"version": "1.78.0",
			"resolved": "https://registry.npmjs.org/sass-embedded-linux-arm/-/sass-embedded-linux-arm-1.78.0.tgz",
			"integrity": "sha512-JafT+Co0RK8oO3g9TfVRuG7tkYeh35yDGTgqCFxLrktnkiw5pmIagCfpjxk5GBcSfJMOzhCgclTCDJWAuHGuMQ==",
			"cpu": [
				"arm"
			],
			"dev": true,
			"license": "MIT",
			"optional": true,
			"os": [
				"linux"
			],
			"engines": {
				"node": ">=14.0.0"
			}
		},
		"node_modules/sass-embedded-linux-arm64": {
			"version": "1.78.0",
			"resolved": "https://registry.npmjs.org/sass-embedded-linux-arm64/-/sass-embedded-linux-arm64-1.78.0.tgz",
			"integrity": "sha512-juMIMpp3DIAiQ842y+boqh0u2SjN4m3mDKrDfMuBznj8DSQoy9J/3e4hLh3g+p0/j83WuROu5nNoYxm2Xz8rww==",
			"cpu": [
				"arm64"
			],
			"dev": true,
			"license": "MIT",
			"optional": true,
			"os": [
				"linux"
			],
			"engines": {
				"node": ">=14.0.0"
			}
		},
		"node_modules/sass-embedded-linux-ia32": {
			"version": "1.78.0",
			"resolved": "https://registry.npmjs.org/sass-embedded-linux-ia32/-/sass-embedded-linux-ia32-1.78.0.tgz",
			"integrity": "sha512-Gy8GW5g6WX9t8CT2Dto5AL6ikB+pG7aAXWXvfu3RFHktixSwSbyy6CeGqSk1t0xyJCFkQQA/V8HU9bNdeHiBxg==",
			"cpu": [
				"ia32"
			],
			"dev": true,
			"license": "MIT",
			"optional": true,
			"os": [
				"linux"
			],
			"engines": {
				"node": ">=14.0.0"
			}
		},
		"node_modules/sass-embedded-linux-musl-arm": {
			"version": "1.78.0",
			"resolved": "https://registry.npmjs.org/sass-embedded-linux-musl-arm/-/sass-embedded-linux-musl-arm-1.78.0.tgz",
			"integrity": "sha512-DUVXtcsfsiOJ2Zwp4Y3T6KZWX8h0gWpzmFUrx+gSIbg67vV8Ww2DWMjWRwqLe7HOLTYBegMBYpMgMgZiPtXhIA==",
			"cpu": [
				"arm"
			],
			"dev": true,
			"license": "MIT",
			"optional": true,
			"os": [
				"linux"
			],
			"engines": {
				"node": ">=14.0.0"
			}
		},
		"node_modules/sass-embedded-linux-musl-arm64": {
			"version": "1.78.0",
			"resolved": "https://registry.npmjs.org/sass-embedded-linux-musl-arm64/-/sass-embedded-linux-musl-arm64-1.78.0.tgz",
			"integrity": "sha512-Lu/TlRHbe9aJY7B7PwWCJz7pTT5Rc50VkApWEmPiU/nu0mGbSpg0Xwar6pNeG8+98ubgKKdRb01N3bvclf5a4A==",
			"cpu": [
				"arm64"
			],
			"dev": true,
			"license": "MIT",
			"optional": true,
			"os": [
				"linux"
			],
			"engines": {
				"node": ">=14.0.0"
			}
		},
		"node_modules/sass-embedded-linux-musl-ia32": {
			"version": "1.78.0",
			"resolved": "https://registry.npmjs.org/sass-embedded-linux-musl-ia32/-/sass-embedded-linux-musl-ia32-1.78.0.tgz",
			"integrity": "sha512-1E5ywUnq6MRPAecr2r/vDOBr93wXyculEmfyF5JRG8mUufMaxGIhfx64OQE6Drjs+EDURcYZ+Qcg6/ubJWqhcw==",
			"cpu": [
				"ia32"
			],
			"dev": true,
			"license": "MIT",
			"optional": true,
			"os": [
				"linux"
			],
			"engines": {
				"node": ">=14.0.0"
			}
		},
		"node_modules/sass-embedded-linux-musl-riscv64": {
			"version": "1.78.0",
			"resolved": "https://registry.npmjs.org/sass-embedded-linux-musl-riscv64/-/sass-embedded-linux-musl-riscv64-1.78.0.tgz",
			"integrity": "sha512-YvQEvX7ctn5BwC79+HBagDYIciEkwcl2NLgoydmEsBO/0+ncMKSGnjsn/iRzErbq1KJNyjGEni8eSHlrtQI1vQ==",
			"cpu": [
				"riscv64"
			],
			"dev": true,
			"license": "MIT",
			"optional": true,
			"os": [
				"linux"
			],
			"engines": {
				"node": ">=14.0.0"
			}
		},
		"node_modules/sass-embedded-linux-musl-x64": {
			"version": "1.78.0",
			"resolved": "https://registry.npmjs.org/sass-embedded-linux-musl-x64/-/sass-embedded-linux-musl-x64-1.78.0.tgz",
			"integrity": "sha512-azdUcZZvZmtUBslIKr2/l4aQrTX7BvO96TD0GLdWz9vuXZrokYm09AJZEnb5j6Pk5I4Xr0yM6BG1Vgcbzqi5Zg==",
			"cpu": [
				"x64"
			],
			"dev": true,
			"license": "MIT",
			"optional": true,
			"os": [
				"linux"
			],
			"engines": {
				"node": ">=14.0.0"
			}
		},
		"node_modules/sass-embedded-linux-riscv64": {
			"version": "1.78.0",
			"resolved": "https://registry.npmjs.org/sass-embedded-linux-riscv64/-/sass-embedded-linux-riscv64-1.78.0.tgz",
			"integrity": "sha512-g8M6vqHMjZUoH9C1WJsgwu+qmwdJAAMDaJTM1emeAScUZMTaQGzm+Q6C5oSGnAGR3XLT/drgbHhbmruXDgkdeQ==",
			"cpu": [
				"riscv64"
			],
			"dev": true,
			"license": "MIT",
			"optional": true,
			"os": [
				"linux"
			],
			"engines": {
				"node": ">=14.0.0"
			}
		},
		"node_modules/sass-embedded-linux-x64": {
			"version": "1.78.0",
			"resolved": "https://registry.npmjs.org/sass-embedded-linux-x64/-/sass-embedded-linux-x64-1.78.0.tgz",
			"integrity": "sha512-m997ThzpMwql4u6LzZCoHPIQkgK6bbLPLc7ydemo2Wusqzh6j8XAGxVT5oANp6s2Dmj+yh49pKDozal+tzEX9w==",
			"cpu": [
				"x64"
			],
			"dev": true,
			"license": "MIT",
			"optional": true,
			"os": [
				"linux"
			],
			"engines": {
				"node": ">=14.0.0"
			}
		},
		"node_modules/sass-embedded-win32-arm64": {
			"version": "1.78.0",
			"resolved": "https://registry.npmjs.org/sass-embedded-win32-arm64/-/sass-embedded-win32-arm64-1.78.0.tgz",
			"integrity": "sha512-qTLIIC5URYRmeuYYllfoL0K1cHSUd+f3sFHAA6fjtdgf288usd6ToCbWpuFb0BtVceEfGQX8lEp+teOG7n7Quw==",
			"cpu": [
				"arm64"
			],
			"dev": true,
			"license": "MIT",
			"optional": true,
			"os": [
				"win32"
			],
			"engines": {
				"node": ">=14.0.0"
			}
		},
		"node_modules/sass-embedded-win32-ia32": {
			"version": "1.78.0",
			"resolved": "https://registry.npmjs.org/sass-embedded-win32-ia32/-/sass-embedded-win32-ia32-1.78.0.tgz",
			"integrity": "sha512-BrOWh18T6Y9xgCokGXElEnd8j03fO4W83bwJ9wHRRkrQWaeHtHs3XWW0fX1j2brngWUTjU+jcYUijWF1Z60krw==",
			"cpu": [
				"ia32"
			],
			"dev": true,
			"license": "MIT",
			"optional": true,
			"os": [
				"win32"
			],
			"engines": {
				"node": ">=14.0.0"
			}
		},
		"node_modules/sass-embedded-win32-x64": {
			"version": "1.78.0",
			"resolved": "https://registry.npmjs.org/sass-embedded-win32-x64/-/sass-embedded-win32-x64-1.78.0.tgz",
			"integrity": "sha512-C14iFDJd7oGhmQehRiEL7GtzMmLwubcDqsBarQ+u9LbHoDlUQfIPd7y8mVtNgtxJCdrAO/jc5qR4C+85yE3xPQ==",
			"cpu": [
				"x64"
			],
			"dev": true,
			"license": "MIT",
			"optional": true,
			"os": [
				"win32"
			],
			"engines": {
				"node": ">=14.0.0"
			}
		},
		"node_modules/source-map-js": {
			"version": "1.2.1",
			"resolved": "https://registry.npmjs.org/source-map-js/-/source-map-js-1.2.1.tgz",
			"integrity": "sha512-UXWMKhLOwVKb728IUtQPXxfYU+usdybtUrK/8uGE8CQMvrhOpwvzDBwj0QhSL7MQc7vIsISBG8VQ8+IDQxpfQA==",
			"dev": true,
			"license": "BSD-3-Clause",
			"engines": {
				"node": ">=0.10.0"
			}
		},
		"node_modules/supports-color": {
			"version": "8.1.1",
			"resolved": "https://registry.npmjs.org/supports-color/-/supports-color-8.1.1.tgz",
			"integrity": "sha512-MpUEN2OodtUzxvKQl72cUF7RQ5EiHsGvSsVG0ia9c5RbWGL2CI4C7EpPS8UTBIplnlzZiNuV56w+FuNxy3ty2Q==",
			"dev": true,
			"license": "MIT",
			"dependencies": {
				"has-flag": "^4.0.0"
			},
			"engines": {
				"node": ">=10"
			},
			"funding": {
				"url": "https://github.com/chalk/supports-color?sponsor=1"
			}
		},
		"node_modules/to-regex-range": {
			"version": "5.0.1",
			"resolved": "https://registry.npmjs.org/to-regex-range/-/to-regex-range-5.0.1.tgz",
			"integrity": "sha512-65P7iz6X5yEr1cwcgvQxbbIw7Uk3gOy5dIdtZ4rDveLqhrdJP+Li/Hx6tyK0NEb+2GCyneCMJiGqrADCSNk8sQ==",
			"dev": true,
			"license": "MIT",
			"dependencies": {
				"is-number": "^7.0.0"
			},
			"engines": {
				"node": ">=8.0"
			}
		},
		"node_modules/tslib": {
			"version": "2.7.0",
			"resolved": "https://registry.npmjs.org/tslib/-/tslib-2.7.0.tgz",
			"integrity": "sha512-gLXCKdN1/j47AiHiOkJN69hJmcbGTHI0ImLmbYLHykhgeN0jVGola9yVjFgzCUklsZQMW55o+dW7IXv3RCXDzA==",
			"dev": true,
			"license": "0BSD"
		},
		"node_modules/varint": {
			"version": "6.0.0",
			"resolved": "https://registry.npmjs.org/varint/-/varint-6.0.0.tgz",
			"integrity": "sha512-cXEIW6cfr15lFv563k4GuVuW/fiwjknytD37jIOLSdSWuOI6WnO/oKwmP2FQTU2l01LP8/M5TSAJpzUaGe3uWg==",
			"dev": true,
			"license": "MIT"
		}
	}
}
