lockfileVersion: '9.0'

settings:
  autoInstallPeers: true
  excludeLinksFromLockfile: false

importers:

  .:
    devDependencies:
      rolldown:
        specifier: ^0.12.1
        version: 0.12.1
      typescript:
        specifier: ^5.5.3
        version: 5.5.3

packages:

  '@emnapi/core@1.2.0':
    resolution: {integrity: sha512-E7Vgw78I93we4ZWdYCb4DGAwRROGkMIXk7/y87UmANR+J6qsWusmC3gLt0H+O0KOt5e6O38U8oJamgbudrES/w==}

  '@emnapi/runtime@1.2.0':
    resolution: {integrity: sha512-bV21/9LQmcQeCPEg3BDFtvwL6cwiTMksYNWQQ4KOxCZikEGalWtenoZ0wCiukJINlGCIi2KXx01g4FoH/LxpzQ==}

  '@emnapi/wasi-threads@1.0.1':
    resolution: {integrity: sha512-iIBu7mwkq4UQGeMEM8bLwNK962nXdhodeScX4slfQnRhEMMzvYivHhutCIk8uojvmASXXPC2WNEjwxFWk72Oqw==}

  '@napi-rs/wasm-runtime@0.2.4':
    resolution: {integrity: sha512-9zESzOO5aDByvhIAsOy9TbpZ0Ur2AJbUI7UT73kcUTS2mxAMHOBaa1st/jAymNoCtvrit99kkzT1FZuXVcgfIQ==}

  '@rolldown/binding-darwin-arm64@0.12.1':
    resolution: {integrity: sha512-NWtxYWEb7Nd40WQHW/Fp3OolqxkwmfL/OJ2GWPOSBEmE7c6/iEgLROy+enkGkBKXdF6epsc+UUQGN5Mp03vaFw==}
    cpu: [arm64]
    os: [darwin]

  '@rolldown/binding-darwin-x64@0.12.1':
    resolution: {integrity: sha512-9MVhdXaCUHBpuTRZWGrB4ptUd2cYkg56KdcHL6fLL9LtMnCRmsJ5s2QNIOyzF3lgDNt3ic3iHcKoPex0TNRtpg==}
    cpu: [x64]
    os: [darwin]

  '@rolldown/binding-linux-arm-gnueabihf@0.12.1':
    resolution: {integrity: sha512-IS8zyitSUquGjGFK7T5VQwhkyWIsJ/kVj9fKKBg5+ejZiMCkUFbBj03Cm6WDyIBakLeA2Wjgwuvy1hSzsrKPJw==}
    cpu: [arm]
    os: [linux]

  '@rolldown/binding-linux-arm64-gnu@0.12.1':
    resolution: {integrity: sha512-zbO53A0NXGvigsNXGBnxc1LtLynqGR31dLSqF8LT4/vdJHYJOK5nKr9bzKErELeYaseZfA/jV8+whImB0F/3ow==}
    cpu: [arm64]
    os: [linux]

  '@rolldown/binding-linux-arm64-musl@0.12.1':
    resolution: {integrity: sha512-1V7ms7bG8T5Ob0jrIl0AZOU6UQxC/QDvqo9+ZUTEI5vVBYZPvTEAzEpYXKAn/pVPKwmh80epsaRL5D3Rc3WNWQ==}
    cpu: [arm64]
    os: [linux]

  '@rolldown/binding-linux-x64-gnu@0.12.1':
    resolution: {integrity: sha512-rTFRH8ezlStxFvB33F4DodoFAIsGgCv0wRbs9965duMqWSYMlMHg4yFLOW6GNf1t86V7reG59rGPNbWn2evyVA==}
    cpu: [x64]
    os: [linux]

  '@rolldown/binding-linux-x64-musl@0.12.1':
    resolution: {integrity: sha512-fwIv3777FBj3Wztc59B7/7mVW/Fm38keslyr6Op8UVPQy604qHYaztzQYjBzZcbxCTeJKdXWoNz/3ddn53+zeA==}
    cpu: [x64]
    os: [linux]

  '@rolldown/binding-wasm32-wasi@0.12.1':
    resolution: {integrity: sha512-AzbfEXik1+t+guVIFQJ92O/W5jyq/+BFsXSlb5rYL7ZzxOjLEXL0IRizY/rIqxF43KnsO7lf51qKH6g+E5VRNA==}
    engines: {node: '>=14.21.3'}
    cpu: [wasm32]

  '@rolldown/binding-win32-arm64-msvc@0.12.1':
    resolution: {integrity: sha512-U//wRnkk4Bm8VjRD1hWkpxO36M4ZXekBxciNLZbW7wKGIs1zkMBc77nA93iOQZgbE6a1JvJQT4/aPoqNg0JfpA==}
    cpu: [arm64]
    os: [win32]

  '@rolldown/binding-win32-ia32-msvc@0.12.1':
    resolution: {integrity: sha512-79oEmO35sQXl4nnd9WdZLbxcSCtCrUO9zMr75S49Ol+aiPOCgOx9ObyilLO8sWYFX56VFow3271JKTeY6b4eXQ==}
    cpu: [ia32]
    os: [win32]

  '@rolldown/binding-win32-x64-msvc@0.12.1':
    resolution: {integrity: sha512-zjGS/TgiwPNA3Wkadww9EMQ/1DHjj2J4KsPOmew5y8jYydtMM3iOYUlymbPFuVd5SL7FP6nlHSGWJL+d4na4bA==}
    cpu: [x64]
    os: [win32]

  '@tybys/wasm-util@0.9.0':
    resolution: {integrity: sha512-6+7nlbMVX/PVDCwaIQ8nTOPveOcFLSt8GcXdx8hD0bt39uWxYT88uXzqTd4fTvqta7oeUJqudepapKNt2DYJFw==}

  rolldown@0.12.1:
    resolution: {integrity: sha512-KHcX/FPdkCmJX3j2C6VaSd2pRmleQ720rtOAL5IciP2oCQ8+DKS7G/UAezV+bOLExXwB4GR8M+hGjE2XxzFV0g==}
    hasBin: true

  tslib@2.6.3:
    resolution: {integrity: sha512-xNvxJEOUiWPGhUuUdQgAJPKOOJfGnIyKySOc09XkKsgdUV/3E2zvwZYdejjmRgPCgcym1juLH3226yA7sEFJKQ==}

  typescript@5.5.3:
    resolution: {integrity: sha512-/hreyEujaB0w76zKo6717l3L0o/qEUtRgdvUBvlkhoWeOVMjMuHNHk0BRBzikzuGDqNmPQbg5ifMEqsHLiIUcQ==}
    engines: {node: '>=14.17'}
    hasBin: true

  zod@3.23.8:
    resolution: {integrity: sha512-XBx9AXhXktjUqnepgTiE5flcKIYWi/rme0Eaj+5Y0lftuGBq+jyRu/md4WnuxqgP1ubdpNCsYEYPxrzVHD8d6g==}

snapshots:

  '@emnapi/core@1.2.0':
    dependencies:
      '@emnapi/wasi-threads': 1.0.1
      tslib: 2.6.3
    optional: true

  '@emnapi/runtime@1.2.0':
    dependencies:
      tslib: 2.6.3
    optional: true

  '@emnapi/wasi-threads@1.0.1':
    dependencies:
      tslib: 2.6.3
    optional: true

  '@napi-rs/wasm-runtime@0.2.4':
    dependencies:
      '@emnapi/core': 1.2.0
      '@emnapi/runtime': 1.2.0
      '@tybys/wasm-util': 0.9.0
    optional: true

  '@rolldown/binding-darwin-arm64@0.12.1':
    optional: true

  '@rolldown/binding-darwin-x64@0.12.1':
    optional: true

  '@rolldown/binding-linux-arm-gnueabihf@0.12.1':
    optional: true

  '@rolldown/binding-linux-arm64-gnu@0.12.1':
    optional: true

  '@rolldown/binding-linux-arm64-musl@0.12.1':
    optional: true

  '@rolldown/binding-linux-x64-gnu@0.12.1':
    optional: true

  '@rolldown/binding-linux-x64-musl@0.12.1':
    optional: true

  '@rolldown/binding-wasm32-wasi@0.12.1':
    dependencies:
      '@napi-rs/wasm-runtime': 0.2.4
    optional: true

  '@rolldown/binding-win32-arm64-msvc@0.12.1':
    optional: true

  '@rolldown/binding-win32-ia32-msvc@0.12.1':
    optional: true

  '@rolldown/binding-win32-x64-msvc@0.12.1':
    optional: true

  '@tybys/wasm-util@0.9.0':
    dependencies:
      tslib: 2.6.3
    optional: true

  rolldown@0.12.1:
    dependencies:
      zod: 3.23.8
    optionalDependencies:
      '@rolldown/binding-darwin-arm64': 0.12.1
      '@rolldown/binding-darwin-x64': 0.12.1
      '@rolldown/binding-linux-arm-gnueabihf': 0.12.1
      '@rolldown/binding-linux-arm64-gnu': 0.12.1
      '@rolldown/binding-linux-arm64-musl': 0.12.1
      '@rolldown/binding-linux-x64-gnu': 0.12.1
      '@rolldown/binding-linux-x64-musl': 0.12.1
      '@rolldown/binding-wasm32-wasi': 0.12.1
      '@rolldown/binding-win32-arm64-msvc': 0.12.1
      '@rolldown/binding-win32-ia32-msvc': 0.12.1
      '@rolldown/binding-win32-x64-msvc': 0.12.1

  tslib@2.6.3:
    optional: true

  typescript@5.5.3: {}

  zod@3.23.8: {}
