lockfileVersion: '9.0'

settings:
  autoInstallPeers: true
  excludeLinksFromLockfile: false

importers:

  .:
    devDependencies:
      rolldown:
        specifier: 0.15.0-snapshot-de64ad9-20241209003633
        version: 0.15.0-snapshot-de64ad9-20241209003633
      rollup:
        specifier: ^4.28.1
        version: 4.28.1

packages:

  '@emnapi/core@1.2.0':
    resolution: {integrity: sha512-E7Vgw78I93we4ZWdYCb4DGAwRROGkMIXk7/y87UmANR+J6qsWusmC3gLt0H+O0KOt5e6O38U8oJamgbudrES/w==}

  '@emnapi/runtime@1.2.0':
    resolution: {integrity: sha512-bV21/9LQmcQeCPEg3BDFtvwL6cwiTMksYNWQQ4KOxCZikEGalWtenoZ0wCiukJINlGCIi2KXx01g4FoH/LxpzQ==}

  '@emnapi/wasi-threads@1.0.1':
    resolution: {integrity: sha512-iIBu7mwkq4UQGeMEM8bLwNK962nXdhodeScX4slfQnRhEMMzvYivHhutCIk8uojvmASXXPC2WNEjwxFWk72Oqw==}

  '@napi-rs/wasm-runtime@0.2.4':
    resolution: {integrity: sha512-9zESzOO5aDByvhIAsOy9TbpZ0Ur2AJbUI7UT73kcUTS2mxAMHOBaa1st/jAymNoCtvrit99kkzT1FZuXVcgfIQ==}

  '@rolldown/binding-darwin-arm64@0.15.0-snapshot-de64ad9-20241209003633':
    resolution: {integrity: sha512-NszzqLpq51ql/AlyRv0tyz+zKgUSl3NFM64nu4lrSC7kkoiApZE8xUIqybDGMt0gMrd/oSLpsKixyeJQH7BJ4w==}
    cpu: [arm64]
    os: [darwin]

  '@rolldown/binding-darwin-x64@0.15.0-snapshot-de64ad9-20241209003633':
    resolution: {integrity: sha512-+5x3M6UBS6vockC1pEpNwNEQv7BBytar7jvKo/hWgPV39x2AiszLRslNEX7N8Xovlo1ecpkVLmwfrUsvrfD+YA==}
    cpu: [x64]
    os: [darwin]

  '@rolldown/binding-freebsd-x64@0.15.0-snapshot-de64ad9-20241209003633':
    resolution: {integrity: sha512-CZRqAXJghqB/CTJVoKrkS7rqS+Q+ZHR6J/g+IdJSLXYIewVUMDswwcBjucZ0cz+ol8UQKcj90Stq9uRUkS+iLA==}
    cpu: [x64]
    os: [freebsd]

  '@rolldown/binding-linux-arm-gnueabihf@0.15.0-snapshot-de64ad9-20241209003633':
    resolution: {integrity: sha512-InnY0/csQrDkbcdHBhyv3NIfzwVXX2AN6n0yejcJdwTBwWk9SoBMyRlBVbbmaXHGaIuEOsvyUtSP7UnzebfPZQ==}
    cpu: [arm]
    os: [linux]

  '@rolldown/binding-linux-arm64-gnu@0.15.0-snapshot-de64ad9-20241209003633':
    resolution: {integrity: sha512-v+qWM02F8vL+6LRCbm2o69So+fx1+/7cn8HNTYnZPMft+GZWLydsIGhykF30BOEEdn3RCPbuKlaQJHUPBDunbw==}
    cpu: [arm64]
    os: [linux]

  '@rolldown/binding-linux-arm64-musl@0.15.0-snapshot-de64ad9-20241209003633':
    resolution: {integrity: sha512-SdCRfgazwbHb9EIAX8ZLbGK586WS5lAmVpEM4gm10s29n85OX1aoFyPWD/diQ3zv7ul8XObIj5TUlbHMGYlWOw==}
    cpu: [arm64]
    os: [linux]

  '@rolldown/binding-linux-x64-gnu@0.15.0-snapshot-de64ad9-20241209003633':
    resolution: {integrity: sha512-nUblcr19AlGdzPS8YC0OwPehANxWLQpqr3o0/OKTNBbPSj20io+CATauSz1bxTcd6ssMSYiRKsrsmrlE5TNjpA==}
    cpu: [x64]
    os: [linux]

  '@rolldown/binding-linux-x64-musl@0.15.0-snapshot-de64ad9-20241209003633':
    resolution: {integrity: sha512-E7xu0hRMiyQVutgf/cNmKJTmn6vGyt8OtF/V4PlkqMlY5pZ/MLAdxqCOtGyzB6IHNdA9l3HAiVW89X07OxdrLw==}
    cpu: [x64]
    os: [linux]

  '@rolldown/binding-wasm32-wasi@0.15.0-snapshot-de64ad9-20241209003633':
    resolution: {integrity: sha512-sygxTVcrcBFII4nG7VCAXRIOGPd2n9YwW5EbDmeVJ068i0A/2/zjUw8c/Tj3RlyJFa8ZpjM9aoM+jsP/57ctSg==}
    engines: {node: '>=14.21.3'}
    cpu: [wasm32]

  '@rolldown/binding-win32-arm64-msvc@0.15.0-snapshot-de64ad9-20241209003633':
    resolution: {integrity: sha512-y2myoo/CNeA+urujbeLZ0ufhx6WjgxT8K2wEbVuuMhpgKxL/zciQAXP/Sm7Lb3uDjt69uyJpDy1jlJfW/NbnDg==}
    cpu: [arm64]
    os: [win32]

  '@rolldown/binding-win32-ia32-msvc@0.15.0-snapshot-de64ad9-20241209003633':
    resolution: {integrity: sha512-OhdUa9F33CfJF12NksJBxN/3l/lgtszoJWiLWCrqUjMPZagQb8KJUOobZuHSRHGLwqOkEohRHsny1oV1sz37hg==}
    cpu: [ia32]
    os: [win32]

  '@rolldown/binding-win32-x64-msvc@0.15.0-snapshot-de64ad9-20241209003633':
    resolution: {integrity: sha512-VJn1pgeaS4vFg444q/J79xiwkgmaaSjItl/V2EzeoRU1H2R6ag0V91pZ39YNKiZnDHCHbCLbxTB5ejKeyYNbbA==}
    cpu: [x64]
    os: [win32]

  '@rollup/rollup-android-arm-eabi@4.28.1':
    resolution: {integrity: sha512-2aZp8AES04KI2dy3Ss6/MDjXbwBzj+i0GqKtWXgw2/Ma6E4jJvujryO6gJAghIRVz7Vwr9Gtl/8na3nDUKpraQ==}
    cpu: [arm]
    os: [android]

  '@rollup/rollup-android-arm64@4.28.1':
    resolution: {integrity: sha512-EbkK285O+1YMrg57xVA+Dp0tDBRB93/BZKph9XhMjezf6F4TpYjaUSuPt5J0fZXlSag0LmZAsTmdGGqPp4pQFA==}
    cpu: [arm64]
    os: [android]

  '@rollup/rollup-darwin-arm64@4.28.1':
    resolution: {integrity: sha512-prduvrMKU6NzMq6nxzQw445zXgaDBbMQvmKSJaxpaZ5R1QDM8w+eGxo6Y/jhT/cLoCvnZI42oEqf9KQNYz1fqQ==}
    cpu: [arm64]
    os: [darwin]

  '@rollup/rollup-darwin-x64@4.28.1':
    resolution: {integrity: sha512-WsvbOunsUk0wccO/TV4o7IKgloJ942hVFK1CLatwv6TJspcCZb9umQkPdvB7FihmdxgaKR5JyxDjWpCOp4uZlQ==}
    cpu: [x64]
    os: [darwin]

  '@rollup/rollup-freebsd-arm64@4.28.1':
    resolution: {integrity: sha512-HTDPdY1caUcU4qK23FeeGxCdJF64cKkqajU0iBnTVxS8F7H/7BewvYoG+va1KPSL63kQ1PGNyiwKOfReavzvNA==}
    cpu: [arm64]
    os: [freebsd]

  '@rollup/rollup-freebsd-x64@4.28.1':
    resolution: {integrity: sha512-m/uYasxkUevcFTeRSM9TeLyPe2QDuqtjkeoTpP9SW0XxUWfcYrGDMkO/m2tTw+4NMAF9P2fU3Mw4ahNvo7QmsQ==}
    cpu: [x64]
    os: [freebsd]

  '@rollup/rollup-linux-arm-gnueabihf@4.28.1':
    resolution: {integrity: sha512-QAg11ZIt6mcmzpNE6JZBpKfJaKkqTm1A9+y9O+frdZJEuhQxiugM05gnCWiANHj4RmbgeVJpTdmKRmH/a+0QbA==}
    cpu: [arm]
    os: [linux]

  '@rollup/rollup-linux-arm-musleabihf@4.28.1':
    resolution: {integrity: sha512-dRP9PEBfolq1dmMcFqbEPSd9VlRuVWEGSmbxVEfiq2cs2jlZAl0YNxFzAQS2OrQmsLBLAATDMb3Z6MFv5vOcXg==}
    cpu: [arm]
    os: [linux]

  '@rollup/rollup-linux-arm64-gnu@4.28.1':
    resolution: {integrity: sha512-uGr8khxO+CKT4XU8ZUH1TTEUtlktK6Kgtv0+6bIFSeiSlnGJHG1tSFSjm41uQ9sAO/5ULx9mWOz70jYLyv1QkA==}
    cpu: [arm64]
    os: [linux]

  '@rollup/rollup-linux-arm64-musl@4.28.1':
    resolution: {integrity: sha512-QF54q8MYGAqMLrX2t7tNpi01nvq5RI59UBNx+3+37zoKX5KViPo/gk2QLhsuqok05sSCRluj0D00LzCwBikb0A==}
    cpu: [arm64]
    os: [linux]

  '@rollup/rollup-linux-loongarch64-gnu@4.28.1':
    resolution: {integrity: sha512-vPul4uodvWvLhRco2w0GcyZcdyBfpfDRgNKU+p35AWEbJ/HPs1tOUrkSueVbBS0RQHAf/A+nNtDpvw95PeVKOA==}
    cpu: [loong64]
    os: [linux]

  '@rollup/rollup-linux-powerpc64le-gnu@4.28.1':
    resolution: {integrity: sha512-pTnTdBuC2+pt1Rmm2SV7JWRqzhYpEILML4PKODqLz+C7Ou2apEV52h19CR7es+u04KlqplggmN9sqZlekg3R1A==}
    cpu: [ppc64]
    os: [linux]

  '@rollup/rollup-linux-riscv64-gnu@4.28.1':
    resolution: {integrity: sha512-vWXy1Nfg7TPBSuAncfInmAI/WZDd5vOklyLJDdIRKABcZWojNDY0NJwruY2AcnCLnRJKSaBgf/GiJfauu8cQZA==}
    cpu: [riscv64]
    os: [linux]

  '@rollup/rollup-linux-s390x-gnu@4.28.1':
    resolution: {integrity: sha512-/yqC2Y53oZjb0yz8PVuGOQQNOTwxcizudunl/tFs1aLvObTclTwZ0JhXF2XcPT/zuaymemCDSuuUPXJJyqeDOg==}
    cpu: [s390x]
    os: [linux]

  '@rollup/rollup-linux-x64-gnu@4.28.1':
    resolution: {integrity: sha512-fzgeABz7rrAlKYB0y2kSEiURrI0691CSL0+KXwKwhxvj92VULEDQLpBYLHpF49MSiPG4sq5CK3qHMnb9tlCjBw==}
    cpu: [x64]
    os: [linux]

  '@rollup/rollup-linux-x64-musl@4.28.1':
    resolution: {integrity: sha512-xQTDVzSGiMlSshpJCtudbWyRfLaNiVPXt1WgdWTwWz9n0U12cI2ZVtWe/Jgwyv/6wjL7b66uu61Vg0POWVfz4g==}
    cpu: [x64]
    os: [linux]

  '@rollup/rollup-win32-arm64-msvc@4.28.1':
    resolution: {integrity: sha512-wSXmDRVupJstFP7elGMgv+2HqXelQhuNf+IS4V+nUpNVi/GUiBgDmfwD0UGN3pcAnWsgKG3I52wMOBnk1VHr/A==}
    cpu: [arm64]
    os: [win32]

  '@rollup/rollup-win32-ia32-msvc@4.28.1':
    resolution: {integrity: sha512-ZkyTJ/9vkgrE/Rk9vhMXhf8l9D+eAhbAVbsGsXKy2ohmJaWg0LPQLnIxRdRp/bKyr8tXuPlXhIoGlEB5XpJnGA==}
    cpu: [ia32]
    os: [win32]

  '@rollup/rollup-win32-x64-msvc@4.28.1':
    resolution: {integrity: sha512-ZvK2jBafvttJjoIdKm/Q/Bh7IJ1Ose9IBOwpOXcOvW3ikGTQGmKDgxTC6oCAzW6PynbkKP8+um1du81XJHZ0JA==}
    cpu: [x64]
    os: [win32]

  '@tybys/wasm-util@0.9.0':
    resolution: {integrity: sha512-6+7nlbMVX/PVDCwaIQ8nTOPveOcFLSt8GcXdx8hD0bt39uWxYT88uXzqTd4fTvqta7oeUJqudepapKNt2DYJFw==}

  '@types/estree@1.0.6':
    resolution: {integrity: sha512-AYnb1nQyY49te+VRAVgmzfcgjYS91mY5P0TKUDCLEM+gNnA+3T6rWITXRLYCpahpqSQbN5cE+gHpnPyXjHWxcw==}

  fsevents@2.3.3:
    resolution: {integrity: sha512-5xoDfX+fL7faATnagmWPpbFtwh/R77WmMMqqHGS65C3vvB0YHrgF+B1YmZ3441tMj5n63k0212XNoJwzlhffQw==}
    engines: {node: ^8.16.0 || ^10.6.0 || >=11.0.0}
    os: [darwin]

  rolldown@0.15.0-snapshot-de64ad9-20241209003633:
    resolution: {integrity: sha512-q1dHKqM/lFgJKu0zQuy89FkBvoMJNLlsOngJedw9VOG6knxhoLiccgZjPLTs89JVF14afCf9epwMw1PBvZqrmw==}
    hasBin: true
    peerDependencies:
      '@babel/runtime': '>=7'
    peerDependenciesMeta:
      '@babel/runtime':
        optional: true

  rollup@4.28.1:
    resolution: {integrity: sha512-61fXYl/qNVinKmGSTHAZ6Yy8I3YIJC/r2m9feHo6SwVAVcLT5MPwOUFe7EuURA/4m0NR8lXG4BBXuo/IZEsjMg==}
    engines: {node: '>=18.0.0', npm: '>=8.0.0'}
    hasBin: true

  tslib@2.6.3:
    resolution: {integrity: sha512-xNvxJEOUiWPGhUuUdQgAJPKOOJfGnIyKySOc09XkKsgdUV/3E2zvwZYdejjmRgPCgcym1juLH3226yA7sEFJKQ==}

  zod@3.23.8:
    resolution: {integrity: sha512-XBx9AXhXktjUqnepgTiE5flcKIYWi/rme0Eaj+5Y0lftuGBq+jyRu/md4WnuxqgP1ubdpNCsYEYPxrzVHD8d6g==}

snapshots:

  '@emnapi/core@1.2.0':
    dependencies:
      '@emnapi/wasi-threads': 1.0.1
      tslib: 2.6.3
    optional: true

  '@emnapi/runtime@1.2.0':
    dependencies:
      tslib: 2.6.3
    optional: true

  '@emnapi/wasi-threads@1.0.1':
    dependencies:
      tslib: 2.6.3
    optional: true

  '@napi-rs/wasm-runtime@0.2.4':
    dependencies:
      '@emnapi/core': 1.2.0
      '@emnapi/runtime': 1.2.0
      '@tybys/wasm-util': 0.9.0
    optional: true

  '@rolldown/binding-darwin-arm64@0.15.0-snapshot-de64ad9-20241209003633':
    optional: true

  '@rolldown/binding-darwin-x64@0.15.0-snapshot-de64ad9-20241209003633':
    optional: true

  '@rolldown/binding-freebsd-x64@0.15.0-snapshot-de64ad9-20241209003633':
    optional: true

  '@rolldown/binding-linux-arm-gnueabihf@0.15.0-snapshot-de64ad9-20241209003633':
    optional: true

  '@rolldown/binding-linux-arm64-gnu@0.15.0-snapshot-de64ad9-20241209003633':
    optional: true

  '@rolldown/binding-linux-arm64-musl@0.15.0-snapshot-de64ad9-20241209003633':
    optional: true

  '@rolldown/binding-linux-x64-gnu@0.15.0-snapshot-de64ad9-20241209003633':
    optional: true

  '@rolldown/binding-linux-x64-musl@0.15.0-snapshot-de64ad9-20241209003633':
    optional: true

  '@rolldown/binding-wasm32-wasi@0.15.0-snapshot-de64ad9-20241209003633':
    dependencies:
      '@napi-rs/wasm-runtime': 0.2.4
    optional: true

  '@rolldown/binding-win32-arm64-msvc@0.15.0-snapshot-de64ad9-20241209003633':
    optional: true

  '@rolldown/binding-win32-ia32-msvc@0.15.0-snapshot-de64ad9-20241209003633':
    optional: true

  '@rolldown/binding-win32-x64-msvc@0.15.0-snapshot-de64ad9-20241209003633':
    optional: true

  '@rollup/rollup-android-arm-eabi@4.28.1':
    optional: true

  '@rollup/rollup-android-arm64@4.28.1':
    optional: true

  '@rollup/rollup-darwin-arm64@4.28.1':
    optional: true

  '@rollup/rollup-darwin-x64@4.28.1':
    optional: true

  '@rollup/rollup-freebsd-arm64@4.28.1':
    optional: true

  '@rollup/rollup-freebsd-x64@4.28.1':
    optional: true

  '@rollup/rollup-linux-arm-gnueabihf@4.28.1':
    optional: true

  '@rollup/rollup-linux-arm-musleabihf@4.28.1':
    optional: true

  '@rollup/rollup-linux-arm64-gnu@4.28.1':
    optional: true

  '@rollup/rollup-linux-arm64-musl@4.28.1':
    optional: true

  '@rollup/rollup-linux-loongarch64-gnu@4.28.1':
    optional: true

  '@rollup/rollup-linux-powerpc64le-gnu@4.28.1':
    optional: true

  '@rollup/rollup-linux-riscv64-gnu@4.28.1':
    optional: true

  '@rollup/rollup-linux-s390x-gnu@4.28.1':
    optional: true

  '@rollup/rollup-linux-x64-gnu@4.28.1':
    optional: true

  '@rollup/rollup-linux-x64-musl@4.28.1':
    optional: true

  '@rollup/rollup-win32-arm64-msvc@4.28.1':
    optional: true

  '@rollup/rollup-win32-ia32-msvc@4.28.1':
    optional: true

  '@rollup/rollup-win32-x64-msvc@4.28.1':
    optional: true

  '@tybys/wasm-util@0.9.0':
    dependencies:
      tslib: 2.6.3
    optional: true

  '@types/estree@1.0.6': {}

  fsevents@2.3.3:
    optional: true

  rolldown@0.15.0-snapshot-de64ad9-20241209003633:
    dependencies:
      zod: 3.23.8
    optionalDependencies:
      '@rolldown/binding-darwin-arm64': 0.15.0-snapshot-de64ad9-20241209003633
      '@rolldown/binding-darwin-x64': 0.15.0-snapshot-de64ad9-20241209003633
      '@rolldown/binding-freebsd-x64': 0.15.0-snapshot-de64ad9-20241209003633
      '@rolldown/binding-linux-arm-gnueabihf': 0.15.0-snapshot-de64ad9-20241209003633
      '@rolldown/binding-linux-arm64-gnu': 0.15.0-snapshot-de64ad9-20241209003633
      '@rolldown/binding-linux-arm64-musl': 0.15.0-snapshot-de64ad9-20241209003633
      '@rolldown/binding-linux-x64-gnu': 0.15.0-snapshot-de64ad9-20241209003633
      '@rolldown/binding-linux-x64-musl': 0.15.0-snapshot-de64ad9-20241209003633
      '@rolldown/binding-wasm32-wasi': 0.15.0-snapshot-de64ad9-20241209003633
      '@rolldown/binding-win32-arm64-msvc': 0.15.0-snapshot-de64ad9-20241209003633
      '@rolldown/binding-win32-ia32-msvc': 0.15.0-snapshot-de64ad9-20241209003633
      '@rolldown/binding-win32-x64-msvc': 0.15.0-snapshot-de64ad9-20241209003633

  rollup@4.28.1:
    dependencies:
      '@types/estree': 1.0.6
    optionalDependencies:
      '@rollup/rollup-android-arm-eabi': 4.28.1
      '@rollup/rollup-android-arm64': 4.28.1
      '@rollup/rollup-darwin-arm64': 4.28.1
      '@rollup/rollup-darwin-x64': 4.28.1
      '@rollup/rollup-freebsd-arm64': 4.28.1
      '@rollup/rollup-freebsd-x64': 4.28.1
      '@rollup/rollup-linux-arm-gnueabihf': 4.28.1
      '@rollup/rollup-linux-arm-musleabihf': 4.28.1
      '@rollup/rollup-linux-arm64-gnu': 4.28.1
      '@rollup/rollup-linux-arm64-musl': 4.28.1
      '@rollup/rollup-linux-loongarch64-gnu': 4.28.1
      '@rollup/rollup-linux-powerpc64le-gnu': 4.28.1
      '@rollup/rollup-linux-riscv64-gnu': 4.28.1
      '@rollup/rollup-linux-s390x-gnu': 4.28.1
      '@rollup/rollup-linux-x64-gnu': 4.28.1
      '@rollup/rollup-linux-x64-musl': 4.28.1
      '@rollup/rollup-win32-arm64-msvc': 4.28.1
      '@rollup/rollup-win32-ia32-msvc': 4.28.1
      '@rollup/rollup-win32-x64-msvc': 4.28.1
      fsevents: 2.3.3

  tslib@2.6.3:
    optional: true

  zod@3.23.8: {}
