lockfileVersion: '9.0'

settings:
  autoInstallPeers: true
  excludeLinksFromLockfile: false

importers:

  .:
    dependencies:
      '@hono/node-server':
        specifier: ^1.11.1
        version: 1.16.0(hono@4.8.5)
      '@mjackson/node-fetch-server':
        specifier: ^0.7.0
        version: 0.7.0
      hono:
        specifier: ^4.8.5
        version: 4.8.5

packages:

  '@hono/node-server@1.16.0':
    resolution: {integrity: sha512-9LwRb5XOrTFapOABiQjGC50wRVlzUvWZsDHINCnkBniP+Q+LQf4waN0nzk9t+2kqcTsnGnieSmqpHsr6kH2bdw==}
    engines: {node: '>=18.14.1'}
    peerDependencies:
      hono: ^4

  '@mjackson/node-fetch-server@0.7.0':
    resolution: {integrity: sha512-un8diyEBKU3BTVj3GzlTPA1kIjCkGdD+AMYQy31Gf9JCkfoZzwgJ79GUtHrF2BN3XPNMLpubbzPcxys+a3uZEw==}

  hono@4.8.5:
    resolution: {integrity: sha512-Up2cQbtNz1s111qpnnECdTGqSIUIhZJMLikdKkshebQSEBcoUKq6XJayLGqSZWidiH0zfHRCJqFu062Mz5UuRA==}
    engines: {node: '>=16.9.0'}

snapshots:

  '@hono/node-server@1.16.0(hono@4.8.5)':
    dependencies:
      hono: 4.8.5

  '@mjackson/node-fetch-server@0.7.0': {}

  hono@4.8.5: {}
