lockfileVersion: '9.0'

settings:
  autoInstallPeers: true
  excludeLinksFromLockfile: false

importers:

  .:
    dependencies:
      rollup:
        specifier: ^4.40.0
        version: 4.40.0
      unplugin-isolated-decl:
        specifier: 0.13.7
        version: 0.13.7
      unplugin-oxc:
        specifier: ^0.3.4
        version: 0.3.4

  example:
    dependencies:
      repro-lib:
        specifier: workspace:*
        version: link:..

packages:

  '@emnapi/core@1.4.3':
    resolution: {integrity: sha512-4m62DuCE07lw01soJwPiBGC0nAww0Q+RY70VZ+n49yDIO13yyinhbWCeNnaob0lakDtWQzSdtNWzJeOJt2ma+g==}

  '@emnapi/runtime@1.4.3':
    resolution: {integrity: sha512-pBPWdu6MLKROBX05wSNKcNb++m5Er+KQ9QkB+WVM+pW2Kx9hoSrVTnu3BdkI5eBLZoKu/J6mW/B6i6bJB2ytXQ==}

  '@emnapi/wasi-threads@1.0.2':
    resolution: {integrity: sha512-5n3nTJblwRi8LlXkJ9eBzu+kZR8Yxcc7ubakyQTFzPMtIhFpUBRbsnc2Dv88IZDIbCDlBiWrknhB4Lsz7mg6BA==}

  '@jridgewell/sourcemap-codec@1.5.0':
    resolution: {integrity: sha512-gv3ZRaISU3fjPAgNsriBRqGWQL6quFx04YMPW/zD8XMLsU32mhCCbfbO6KZFLjvYpCZ8zyDEgqsgf+PwPaM7GQ==}

  '@napi-rs/wasm-runtime@0.2.9':
    resolution: {integrity: sha512-OKRBiajrrxB9ATokgEQoG87Z25c67pCpYcCwmXYX8PBftC9pBfN18gnm/fh1wurSLEKIAt+QRFLFCQISrb66Jg==}

  '@oxc-minify/binding-darwin-arm64@0.64.0':
    resolution: {integrity: sha512-vjkAMgzTmoLxBVMNtueUPF3Zc9g42+T0kFy/vHnnyt+8UgMwiqakcPpbYwjUk0lRIGpIR9eMQ/ygoIaLp9J0YA==}
    engines: {node: '>=14.0.0'}
    cpu: [arm64]
    os: [darwin]

  '@oxc-minify/binding-darwin-x64@0.64.0':
    resolution: {integrity: sha512-5drEZMsjPND+P6xygTsK2Avhpqsc61yoFRfIQxpsryFT3Ryf8Vz3tXzgxUVYItzwv3OlHBKfvQJfmN1KrGlAiw==}
    engines: {node: '>=14.0.0'}
    cpu: [x64]
    os: [darwin]

  '@oxc-minify/binding-linux-arm-gnueabihf@0.64.0':
    resolution: {integrity: sha512-7U6pA+1vCDYBtkrv5Uy51Lu8x4vZgUGV01aCFm5gMymkj5EVU595iiqPo/59wkJ9U/3ia6UeSi7ANxiG7LtrOQ==}
    engines: {node: '>=14.0.0'}
    cpu: [arm]
    os: [linux]

  '@oxc-minify/binding-linux-arm64-gnu@0.64.0':
    resolution: {integrity: sha512-LLuw+y498KXqosUPiv5szXK0ZHCHZudiclDSiSghYj3jFH3eLo47XOiQNIWYyOsErTMdzg1yI/J79ZcfxUrhVg==}
    engines: {node: '>=14.0.0'}
    cpu: [arm64]
    os: [linux]

  '@oxc-minify/binding-linux-arm64-musl@0.64.0':
    resolution: {integrity: sha512-5JC2tdDmyn4GpbwJjgTpb7wu/H59l4tXd8gE8Cb26k49Ir2cmijAS+X24wB7qO+iPj+xfGFzhBCcoT/6hIxeOw==}
    engines: {node: '>=14.0.0'}
    cpu: [arm64]
    os: [linux]

  '@oxc-minify/binding-linux-x64-gnu@0.64.0':
    resolution: {integrity: sha512-YpJv27iwyf7oE8dbPV8I8cyaijmIe2TwBwSHJtQIv/hDv1jZWTcFzV9gxkd10MLwzZ802VGwGuiH7dEscTcXqQ==}
    engines: {node: '>=14.0.0'}
    cpu: [x64]
    os: [linux]

  '@oxc-minify/binding-linux-x64-musl@0.64.0':
    resolution: {integrity: sha512-YOyL3lUQw0vJ7ZvU5TATA0PDzbgNy4aMac3H8C20aZ35Mamde1GlRhMC7nh8h4Cp2a2X6ios/mFn1nqFMPTWGA==}
    engines: {node: '>=14.0.0'}
    cpu: [x64]
    os: [linux]

  '@oxc-minify/binding-wasm32-wasi@0.64.0':
    resolution: {integrity: sha512-87ycAkjA0dkMlUruNCT39YEFPIe18CJ0bwZww2ZFzi2ImWMcttmovWX+MoSdHAbP2bu0DURM/A9WjcNusg+xxw==}
    engines: {node: '>=14.0.0'}
    cpu: [wasm32]

  '@oxc-minify/binding-win32-arm64-msvc@0.64.0':
    resolution: {integrity: sha512-e1eh4pmBh09gOfroAmaTK9TgBN4FtOpuov0BkbWOBcDPh0kH0722YmAq/f/p85xAHjS284fXwkK8DlLeHQapDA==}
    engines: {node: '>=14.0.0'}
    cpu: [arm64]
    os: [win32]

  '@oxc-minify/binding-win32-x64-msvc@0.64.0':
    resolution: {integrity: sha512-BQkLBUjobThdSVR2eL+iudr7X/RISk7uj8Z93yixBX89puwQxa/oAxBZQ9TbXgXXLBg5nkxoJgHwL++UHY3lYQ==}
    engines: {node: '>=14.0.0'}
    cpu: [x64]
    os: [win32]

  '@oxc-parser/binding-darwin-arm64@0.64.0':
    resolution: {integrity: sha512-FfmLZWrt5rsG+wzruv0xfYci1fE/GQ/HnUCmB+j3keU4SfDxkxSIGUTphxdcE8S4ISoLelgeVZiE8QDGRhmSoQ==}
    engines: {node: '>=14.0.0'}
    cpu: [arm64]
    os: [darwin]

  '@oxc-parser/binding-darwin-x64@0.64.0':
    resolution: {integrity: sha512-FFbtYNdlRw6d/KcfSxqOAJAI4evijC+i+PHQkpB8JJGr+mPzQEPKwVa8vh2Qe/lcspaQs6IrR2GRpJ+5UvciRw==}
    engines: {node: '>=14.0.0'}
    cpu: [x64]
    os: [darwin]

  '@oxc-parser/binding-linux-arm-gnueabihf@0.64.0':
    resolution: {integrity: sha512-u113yYpeTW0rQBp6Lld2PvdEMzVQmTq8n2T4WDb7UNGQFCMzoURCKgahkIZCStph4+zHAFU5uKwG5waQaswCyw==}
    engines: {node: '>=14.0.0'}
    cpu: [arm]
    os: [linux]

  '@oxc-parser/binding-linux-arm64-gnu@0.64.0':
    resolution: {integrity: sha512-cqWgdJcXJ2u2Rcjd/+4mY10DPISZtKosgyL7eMZwZdCNJD8q2ohS57pk6IbCmopF55QAh9/Py8rajblKbFCJBg==}
    engines: {node: '>=14.0.0'}
    cpu: [arm64]
    os: [linux]

  '@oxc-parser/binding-linux-arm64-musl@0.64.0':
    resolution: {integrity: sha512-b7Ma+CDlkK+UIU/Zr8Ydo+q3A9ouWUhV8PzWcnfOxiOwK+JEaoz5N02ixAPK8qvO+IKqzP00HzxPD8tUto8GcA==}
    engines: {node: '>=14.0.0'}
    cpu: [arm64]
    os: [linux]

  '@oxc-parser/binding-linux-x64-gnu@0.64.0':
    resolution: {integrity: sha512-7o/qfZNZ0kt1o5vtqUz6nQkV6tuCGor4+gOmqtrb2TtnAo3qxYwPXZVjd9LKv39Z+Nfpqz/2cnR+GIqUNqv34A==}
    engines: {node: '>=14.0.0'}
    cpu: [x64]
    os: [linux]

  '@oxc-parser/binding-linux-x64-musl@0.64.0':
    resolution: {integrity: sha512-nuL0rqoWgvO11pP7g5FYdTDsjX93mt8ZFtUaOL4HMVkvRAx3XiKltJBYXXWiI2kySbHRC/XHJftAKWEgGhcXgg==}
    engines: {node: '>=14.0.0'}
    cpu: [x64]
    os: [linux]

  '@oxc-parser/binding-wasm32-wasi@0.64.0':
    resolution: {integrity: sha512-iZ5LeOPDo0gCISzcq1JKo3HGqXwuQDTgHVPBUs+UFdCL9WJ9DmNkXXQPLVYEyyI/YFXg15y7Rv2L+FEvpvYa+w==}
    engines: {node: '>=14.0.0'}
    cpu: [wasm32]

  '@oxc-parser/binding-win32-arm64-msvc@0.64.0':
    resolution: {integrity: sha512-9kWLwYOT9sCVrFL3Egpt4+viAYtYOwmstGoy/CPikC0fxEpB760qln8u+MfZpbrH0Df2XgEdAUTqiwnRwcp+uA==}
    engines: {node: '>=14.0.0'}
    cpu: [arm64]
    os: [win32]

  '@oxc-parser/binding-win32-x64-msvc@0.64.0':
    resolution: {integrity: sha512-EHQglaBx4LpNw9BMA65aM36isTpuAdWxGbAUH7w55GYIGjVG7hIsMx/MuOrJXsmOBVmRokoYNYLN7X5aTd5TmQ==}
    engines: {node: '>=14.0.0'}
    cpu: [x64]
    os: [win32]

  '@oxc-project/types@0.64.0':
    resolution: {integrity: sha512-B0dxuEZFV6M4tXjPFwDSaED5/J55YUhODBaF09xNFNRrEyzQLKZuhKXAw1xYK8bO4K8Jn1d21TZfei3kAIE8dA==}

  '@oxc-resolver/binding-darwin-arm64@5.3.0':
    resolution: {integrity: sha512-hXem5ZAguS7IlSiHg/LK0tEfLj4eUo+9U6DaFwwBEGd0L0VIF9LmuiHydRyOrdnnmi9iAAFMAn/wl2cUoiuruA==}
    cpu: [arm64]
    os: [darwin]

  '@oxc-resolver/binding-darwin-x64@5.3.0':
    resolution: {integrity: sha512-wgSwfsZkRbuYCIBLxeg1bYrtKnirAy+IJF0lwfz4z08clgdNBDbfGECJe/cd0csIZPpRcvPFe8317yf31sWhtA==}
    cpu: [x64]
    os: [darwin]

  '@oxc-resolver/binding-freebsd-x64@5.3.0':
    resolution: {integrity: sha512-kzeE2WHgcRMmWjB071RdwEV5Pwke4o0WWslCKoh8if1puvxIxfzu3o7g6P2+v77BP5qop4cri+uvLABSO0WZjg==}
    cpu: [x64]
    os: [freebsd]

  '@oxc-resolver/binding-linux-arm-gnueabihf@5.3.0':
    resolution: {integrity: sha512-I8np34yZP/XfIkZNDbw3rweqVgfjmHYpNX3xnJZWg+f4mgO9/UNWBwetSaqXeDZqvIch/aHak+q4HVrQhQKCqg==}
    cpu: [arm]
    os: [linux]

  '@oxc-resolver/binding-linux-arm64-gnu@5.3.0':
    resolution: {integrity: sha512-u2ndfeEUrW898eXM+qPxIN8TvTPjI90NDQBRgaxxkOfNw3xaotloeiZGz5+Yzlfxgvxr9DY9FdYkqhUhSnGhOw==}
    cpu: [arm64]
    os: [linux]

  '@oxc-resolver/binding-linux-arm64-musl@5.3.0':
    resolution: {integrity: sha512-TzbjmFkcnESGuVItQ2diKacX8vu5G0bH3BHmIlmY4OSRLyoAlrJFwGKAHmh6C9+Amfcjo2rx8vdm7swzmsGC6Q==}
    cpu: [arm64]
    os: [linux]

  '@oxc-resolver/binding-linux-riscv64-gnu@5.3.0':
    resolution: {integrity: sha512-NH3pjAqh8nuN29iRuRfTY42Vn03ctoR9VE8llfoUKUfhHUjFHYOXK5VSkhjj1usG8AeuesvqrQnLptCRQVTi/Q==}
    cpu: [riscv64]
    os: [linux]

  '@oxc-resolver/binding-linux-s390x-gnu@5.3.0':
    resolution: {integrity: sha512-tuZtkK9sJYh2MC2uhol1M/8IMTB6ZQ5jmqP2+k5XNXnOb/im94Y5uV/u2lXwVyIuKHZZHtr+0d1HrOiNahoKpw==}
    cpu: [s390x]
    os: [linux]

  '@oxc-resolver/binding-linux-x64-gnu@5.3.0':
    resolution: {integrity: sha512-VzhPYmZCtoES/ThcPdGSmMop7JlwgqtSvlgtKCW15ByV2JKyl8kHAHnPSBfpIooXb0ehFnRdxFtL9qtAEWy01g==}
    cpu: [x64]
    os: [linux]

  '@oxc-resolver/binding-linux-x64-musl@5.3.0':
    resolution: {integrity: sha512-Hi39cWzul24rGljN4Vf1lxjXzQdCrdxO5oCT7KJP4ndSlqIUODJnfnMAP1YhcnIRvNvk+5E6sZtnEmFUd/4d8Q==}
    cpu: [x64]
    os: [linux]

  '@oxc-resolver/binding-wasm32-wasi@5.3.0':
    resolution: {integrity: sha512-ddujvHhP3chmHnSXRlkPVUeYj4/B7eLZwL4yUid+df3WCbVh6DgoT9RmllZn21AhxgKtMdekDdyVJYKFd8tl4A==}
    engines: {node: '>=14.0.0'}
    cpu: [wasm32]

  '@oxc-resolver/binding-win32-arm64-msvc@5.3.0':
    resolution: {integrity: sha512-j1YYPLvUkMVNKmIFQZZJ7q6Do4cI3htUnyxNLwDSBVhSohvPIK2VG+IdtOAlWZGa7v+phEZsHfNbXVwB0oPYFQ==}
    cpu: [arm64]
    os: [win32]

  '@oxc-resolver/binding-win32-x64-msvc@5.3.0':
    resolution: {integrity: sha512-LT9eOPPUqfZscQRd5mc08RBeDWOQf+dnOrKnanMallTGPe6g7+rcAlFTA8SWoJbcD45PV8yArFtCmSQSpzHZmg==}
    cpu: [x64]
    os: [win32]

  '@oxc-transform/binding-darwin-arm64@0.64.0':
    resolution: {integrity: sha512-SphSpVk2TcJ1bGfv/kStrSGrKyA5wLuIjuyK0/Im8ZJZ2zAolJdm4WFZUDI5NZZskwcqoB2qrUQFr9pV75N+BA==}
    engines: {node: '>=14.0.0'}
    cpu: [arm64]
    os: [darwin]

  '@oxc-transform/binding-darwin-x64@0.64.0':
    resolution: {integrity: sha512-MDTCesIxze+lVc33cZGHZE5alWUL5dbhQGM4i1uobHbll7nuLBO8ymZZ7dQxCKJztkzQOU+Ib+TPtdxIWkcnqQ==}
    engines: {node: '>=14.0.0'}
    cpu: [x64]
    os: [darwin]

  '@oxc-transform/binding-linux-arm-gnueabihf@0.64.0':
    resolution: {integrity: sha512-1emYdqi1lJscGi4F75Zgr24+l5v6o/TawUDVyrZ2JPW0g4F8V22udbsN6f0cFRwspTiBtxCfFMCnK/bdgcQOeQ==}
    engines: {node: '>=14.0.0'}
    cpu: [arm]
    os: [linux]

  '@oxc-transform/binding-linux-arm64-gnu@0.64.0':
    resolution: {integrity: sha512-OxIEd1bk9fEmSgisxD525+2/7XZ6ex9vSU/FZhalv/tEsbrMA7sxsu/cl0zfKVVZFkI2uZ2r93RLeh/kv0VznQ==}
    engines: {node: '>=14.0.0'}
    cpu: [arm64]
    os: [linux]

  '@oxc-transform/binding-linux-arm64-musl@0.64.0':
    resolution: {integrity: sha512-kTtZBREwmXMMgsMdFWU6/zZPavbeFwXHf32MY07tIBEn6kRz9Gg6Xsl7V1s0PVMTcYVY+6IZ5idZ1ODAdt1VkQ==}
    engines: {node: '>=14.0.0'}
    cpu: [arm64]
    os: [linux]

  '@oxc-transform/binding-linux-x64-gnu@0.64.0':
    resolution: {integrity: sha512-zHe0oT6xpCECWFdN2Uovut/36RJ6fA0IZwZEHaHeGHYbp8UoCrvZAXoh5MYa/hadYpsoVV13b5ZHBEJk7DuMjg==}
    engines: {node: '>=14.0.0'}
    cpu: [x64]
    os: [linux]

  '@oxc-transform/binding-linux-x64-musl@0.64.0':
    resolution: {integrity: sha512-kxiziQsB+ic5j2SCMV0pzcesA+QFaufTmNQbQznu7XFy+sFjHHkYfS3109D40gLnNtmlaIyTHj+1Ooka7awKhA==}
    engines: {node: '>=14.0.0'}
    cpu: [x64]
    os: [linux]

  '@oxc-transform/binding-wasm32-wasi@0.64.0':
    resolution: {integrity: sha512-YJtTvi3DYxEZ7mIZaIEaLGL0ECCiJWHxiA9Qz2EpswbRCfXX/l7YSODs3uvG/thlCFhnzPLIM8O6tIHjpHIWYA==}
    engines: {node: '>=14.0.0'}
    cpu: [wasm32]

  '@oxc-transform/binding-win32-arm64-msvc@0.64.0':
    resolution: {integrity: sha512-X2gDEzZFrfM65+mc4VYBfxdVPcqcxS5RZgc+dPcz8Xc14t/pmdqMeEJDTt0zKnL6T+42kPZHdybLwpgsuBdRDA==}
    engines: {node: '>=14.0.0'}
    cpu: [arm64]
    os: [win32]

  '@oxc-transform/binding-win32-x64-msvc@0.64.0':
    resolution: {integrity: sha512-QC2Nx0GFuUNGU5vmWgCym0TLIHFdoVvdpTWwcbZtWp8pFbQhvYms5CWmZm+wlCqAGPp5aYm2aLmp9hE8dM1c9Q==}
    engines: {node: '>=14.0.0'}
    cpu: [x64]
    os: [win32]

  '@rollup/rollup-android-arm-eabi@4.40.0':
    resolution: {integrity: sha512-+Fbls/diZ0RDerhE8kyC6hjADCXA1K4yVNlH0EYfd2XjyH0UGgzaQ8MlT0pCXAThfxv3QUAczHaL+qSv1E4/Cg==}
    cpu: [arm]
    os: [android]

  '@rollup/rollup-android-arm64@4.40.0':
    resolution: {integrity: sha512-PPA6aEEsTPRz+/4xxAmaoWDqh67N7wFbgFUJGMnanCFs0TV99M0M8QhhaSCks+n6EbQoFvLQgYOGXxlMGQe/6w==}
    cpu: [arm64]
    os: [android]

  '@rollup/rollup-darwin-arm64@4.40.0':
    resolution: {integrity: sha512-GwYOcOakYHdfnjjKwqpTGgn5a6cUX7+Ra2HeNj/GdXvO2VJOOXCiYYlRFU4CubFM67EhbmzLOmACKEfvp3J1kQ==}
    cpu: [arm64]
    os: [darwin]

  '@rollup/rollup-darwin-x64@4.40.0':
    resolution: {integrity: sha512-CoLEGJ+2eheqD9KBSxmma6ld01czS52Iw0e2qMZNpPDlf7Z9mj8xmMemxEucinev4LgHalDPczMyxzbq+Q+EtA==}
    cpu: [x64]
    os: [darwin]

  '@rollup/rollup-freebsd-arm64@4.40.0':
    resolution: {integrity: sha512-r7yGiS4HN/kibvESzmrOB/PxKMhPTlz+FcGvoUIKYoTyGd5toHp48g1uZy1o1xQvybwwpqpe010JrcGG2s5nkg==}
    cpu: [arm64]
    os: [freebsd]

  '@rollup/rollup-freebsd-x64@4.40.0':
    resolution: {integrity: sha512-mVDxzlf0oLzV3oZOr0SMJ0lSDd3xC4CmnWJ8Val8isp9jRGl5Dq//LLDSPFrasS7pSm6m5xAcKaw3sHXhBjoRw==}
    cpu: [x64]
    os: [freebsd]

  '@rollup/rollup-linux-arm-gnueabihf@4.40.0':
    resolution: {integrity: sha512-y/qUMOpJxBMy8xCXD++jeu8t7kzjlOCkoxxajL58G62PJGBZVl/Gwpm7JK9+YvlB701rcQTzjUZ1JgUoPTnoQA==}
    cpu: [arm]
    os: [linux]

  '@rollup/rollup-linux-arm-musleabihf@4.40.0':
    resolution: {integrity: sha512-GoCsPibtVdJFPv/BOIvBKO/XmwZLwaNWdyD8TKlXuqp0veo2sHE+A/vpMQ5iSArRUz/uaoj4h5S6Pn0+PdhRjg==}
    cpu: [arm]
    os: [linux]

  '@rollup/rollup-linux-arm64-gnu@4.40.0':
    resolution: {integrity: sha512-L5ZLphTjjAD9leJzSLI7rr8fNqJMlGDKlazW2tX4IUF9P7R5TMQPElpH82Q7eNIDQnQlAyiNVfRPfP2vM5Avvg==}
    cpu: [arm64]
    os: [linux]

  '@rollup/rollup-linux-arm64-musl@4.40.0':
    resolution: {integrity: sha512-ATZvCRGCDtv1Y4gpDIXsS+wfFeFuLwVxyUBSLawjgXK2tRE6fnsQEkE4csQQYWlBlsFztRzCnBvWVfcae/1qxQ==}
    cpu: [arm64]
    os: [linux]

  '@rollup/rollup-linux-loongarch64-gnu@4.40.0':
    resolution: {integrity: sha512-wG9e2XtIhd++QugU5MD9i7OnpaVb08ji3P1y/hNbxrQ3sYEelKJOq1UJ5dXczeo6Hj2rfDEL5GdtkMSVLa/AOg==}
    cpu: [loong64]
    os: [linux]

  '@rollup/rollup-linux-powerpc64le-gnu@4.40.0':
    resolution: {integrity: sha512-vgXfWmj0f3jAUvC7TZSU/m/cOE558ILWDzS7jBhiCAFpY2WEBn5jqgbqvmzlMjtp8KlLcBlXVD2mkTSEQE6Ixw==}
    cpu: [ppc64]
    os: [linux]

  '@rollup/rollup-linux-riscv64-gnu@4.40.0':
    resolution: {integrity: sha512-uJkYTugqtPZBS3Z136arevt/FsKTF/J9dEMTX/cwR7lsAW4bShzI2R0pJVw+hcBTWF4dxVckYh72Hk3/hWNKvA==}
    cpu: [riscv64]
    os: [linux]

  '@rollup/rollup-linux-riscv64-musl@4.40.0':
    resolution: {integrity: sha512-rKmSj6EXQRnhSkE22+WvrqOqRtk733x3p5sWpZilhmjnkHkpeCgWsFFo0dGnUGeA+OZjRl3+VYq+HyCOEuwcxQ==}
    cpu: [riscv64]
    os: [linux]

  '@rollup/rollup-linux-s390x-gnu@4.40.0':
    resolution: {integrity: sha512-SpnYlAfKPOoVsQqmTFJ0usx0z84bzGOS9anAC0AZ3rdSo3snecihbhFTlJZ8XMwzqAcodjFU4+/SM311dqE5Sw==}
    cpu: [s390x]
    os: [linux]

  '@rollup/rollup-linux-x64-gnu@4.40.0':
    resolution: {integrity: sha512-RcDGMtqF9EFN8i2RYN2W+64CdHruJ5rPqrlYw+cgM3uOVPSsnAQps7cpjXe9be/yDp8UC7VLoCoKC8J3Kn2FkQ==}
    cpu: [x64]
    os: [linux]

  '@rollup/rollup-linux-x64-musl@4.40.0':
    resolution: {integrity: sha512-HZvjpiUmSNx5zFgwtQAV1GaGazT2RWvqeDi0hV+AtC8unqqDSsaFjPxfsO6qPtKRRg25SisACWnJ37Yio8ttaw==}
    cpu: [x64]
    os: [linux]

  '@rollup/rollup-win32-arm64-msvc@4.40.0':
    resolution: {integrity: sha512-UtZQQI5k/b8d7d3i9AZmA/t+Q4tk3hOC0tMOMSq2GlMYOfxbesxG4mJSeDp0EHs30N9bsfwUvs3zF4v/RzOeTQ==}
    cpu: [arm64]
    os: [win32]

  '@rollup/rollup-win32-ia32-msvc@4.40.0':
    resolution: {integrity: sha512-+m03kvI2f5syIqHXCZLPVYplP8pQch9JHyXKZ3AGMKlg8dCyr2PKHjwRLiW53LTrN/Nc3EqHOKxUxzoSPdKddA==}
    cpu: [ia32]
    os: [win32]

  '@rollup/rollup-win32-x64-msvc@4.40.0':
    resolution: {integrity: sha512-lpPE1cLfP5oPzVjKMx10pgBmKELQnFJXHgvtHCtuJWOv8MxqdEIMNtgHgBFf7Ea2/7EuVwa9fodWUfXAlXZLZQ==}
    cpu: [x64]
    os: [win32]

  '@tybys/wasm-util@0.9.0':
    resolution: {integrity: sha512-6+7nlbMVX/PVDCwaIQ8nTOPveOcFLSt8GcXdx8hD0bt39uWxYT88uXzqTd4fTvqta7oeUJqudepapKNt2DYJFw==}

  '@types/estree@1.0.7':
    resolution: {integrity: sha512-w28IoSUCJpidD/TGviZwwMJckNESJZXFu7NBZ5YJ4mEUnNraUn9Pm8HSZm/jDF1pDWYKspWE7oVphigUPRakIQ==}

  acorn@8.14.1:
    resolution: {integrity: sha512-OvQ/2pUDKmgfCg++xsTX1wGxfTaszcHVcTctW4UJB4hibJx2HXxxO5UmVgyjMa+ZDsiaf5wWLXYpRWMmBI0QHg==}
    engines: {node: '>=0.4.0'}
    hasBin: true

  debug@4.4.0:
    resolution: {integrity: sha512-6WTZ/IxCY/T6BALoZHaE4ctp9xm+Z5kY/pzYaCHRFeyVhojxlrm+46y68HA6hr0TcwEssoxNiDEUJQjfPZ/RYA==}
    engines: {node: '>=6.0'}
    peerDependencies:
      supports-color: '*'
    peerDependenciesMeta:
      supports-color:
        optional: true

  fsevents@2.3.3:
    resolution: {integrity: sha512-5xoDfX+fL7faATnagmWPpbFtwh/R77WmMMqqHGS65C3vvB0YHrgF+B1YmZ3441tMj5n63k0212XNoJwzlhffQw==}
    engines: {node: ^8.16.0 || ^10.6.0 || >=11.0.0}
    os: [darwin]

  magic-string@0.30.17:
    resolution: {integrity: sha512-sNPKHvyjVf7gyjwS4xGTaW/mCnF8wnjtifKBEhxfZ7E/S8tQ0rssrwGNn6q8JH/ohItJfSQp9mBtQYuTlH5QnA==}

  ms@2.1.3:
    resolution: {integrity: sha512-6FlzubTLZG3J2a/NVCAleEhjzq5oxgHyaCU9yYXvcLsvoVaHJq/s5xXI6/XXP6tz7R9xAOtHnSO/tXtF3WRTlA==}

  oxc-minify@0.64.0:
    resolution: {integrity: sha512-nyQ4qGRlr210mVSkS9whn+ghhe2o6ba22ksTBWMj4CHUhNJWfY0S/h1yEUvDZxNFtuxSReLSlQATUzUyo7/wzQ==}
    engines: {node: '>=14.0.0'}

  oxc-parser@0.64.0:
    resolution: {integrity: sha512-T5/h7Iv3kwUwTaOwOLz2yTwz2LsUfdu5IXTmZuMEDYL2Bp/dxGdxQZHaz8lc4bUBU9Swnb+caioKk4FLBT7prg==}
    engines: {node: '>=14.0.0'}

  oxc-resolver@5.3.0:
    resolution: {integrity: sha512-FHqtZx0idP5QRPSNcI5g2ItmADg7fhR3XIeWg5eRMGfp44xqRpfkdvo+EX4ZceqV9bxvl0Z8vaqMqY0gYaNYNA==}

  oxc-transform@0.64.0:
    resolution: {integrity: sha512-b4fN/7l+/frPZ7/Z3XYcjvgFXfctYiOKNP0cYFDUOZR4P1NbrpfYlLVAXiCAE66kLo7um1TS/JFCSl1JbUsb9g==}
    engines: {node: '>=14.0.0'}

  pathe@2.0.3:
    resolution: {integrity: sha512-WUjGcAqP1gQacoQe+OBJsFA7Ld4DyXuUIjZ5cc75cLHvJ7dtNsTugphxIADwspS+AraAUePCKrSVtPLFj/F88w==}

  picomatch@4.0.2:
    resolution: {integrity: sha512-M7BAV6Rlcy5u+m6oPhAPFgJTzAioX/6B0DxyvDlo9l8+T3nLKbrczg2WLUyzd45L8RqfUMyGPzekbMvX2Ldkwg==}
    engines: {node: '>=12'}

  rollup@4.40.0:
    resolution: {integrity: sha512-Noe455xmA96nnqH5piFtLobsGbCij7Tu+tb3c1vYjNbTkfzGqXqQXG3wJaYXkRZuQ0vEYN4bhwg7QnIrqB5B+w==}
    engines: {node: '>=18.0.0', npm: '>=8.0.0'}
    hasBin: true

  tslib@2.8.1:
    resolution: {integrity: sha512-oJFu94HQb+KVduSUQL7wnpmqnfmLsOA/nAh6b6EH0wCEoK0/mPeXU6c3wKDV83MkOuHPRHtSXKKU99IBazS/2w==}

  unplugin-isolated-decl@0.13.7:
    resolution: {integrity: sha512-jVA9RqJsrvDF+IZsWDucpi9GleQMrfLfPYPFrGlDHCwbQ8uH7tg5slS85SJixMHks0deChKJ5QdJo4gXw/nmtA==}
    engines: {node: '>=18.12.0'}
    peerDependencies:
      '@swc/core': ^1.6.6
      typescript: ^5.5.2
    peerDependenciesMeta:
      '@swc/core':
        optional: true
      typescript:
        optional: true

  unplugin-oxc@0.3.4:
    resolution: {integrity: sha512-rWXcGO1tYrWiTzuC03ow89FPeyxGEvQb8I2oFkD8jxlHEl3K99A3BfApiYLDWWhjI6z/p1tx8xsRfsn1ErlwuQ==}
    engines: {node: '>=18.12.0'}
    peerDependencies:
      unloader: '*'
    peerDependenciesMeta:
      unloader:
        optional: true

  unplugin-utils@0.2.4:
    resolution: {integrity: sha512-8U/MtpkPkkk3Atewj1+RcKIjb5WBimZ/WSLhhR3w6SsIj8XJuKTacSP8g+2JhfSGw0Cb125Y+2zA/IzJZDVbhA==}
    engines: {node: '>=18.12.0'}

  unplugin@2.3.2:
    resolution: {integrity: sha512-3n7YA46rROb3zSj8fFxtxC/PqoyvYQ0llwz9wtUPUutr9ig09C8gGo5CWCwHrUzlqC1LLR43kxp5vEIyH1ac1w==}
    engines: {node: '>=18.12.0'}

  webpack-virtual-modules@0.6.2:
    resolution: {integrity: sha512-66/V2i5hQanC51vBQKPH4aI8NMAcBW59FVBs+rC7eGHupMyfn34q7rZIE+ETlJ+XTevqfUhVVBgSUNSW2flEUQ==}

snapshots:

  '@emnapi/core@1.4.3':
    dependencies:
      '@emnapi/wasi-threads': 1.0.2
      tslib: 2.8.1
    optional: true

  '@emnapi/runtime@1.4.3':
    dependencies:
      tslib: 2.8.1
    optional: true

  '@emnapi/wasi-threads@1.0.2':
    dependencies:
      tslib: 2.8.1
    optional: true

  '@jridgewell/sourcemap-codec@1.5.0': {}

  '@napi-rs/wasm-runtime@0.2.9':
    dependencies:
      '@emnapi/core': 1.4.3
      '@emnapi/runtime': 1.4.3
      '@tybys/wasm-util': 0.9.0
    optional: true

  '@oxc-minify/binding-darwin-arm64@0.64.0':
    optional: true

  '@oxc-minify/binding-darwin-x64@0.64.0':
    optional: true

  '@oxc-minify/binding-linux-arm-gnueabihf@0.64.0':
    optional: true

  '@oxc-minify/binding-linux-arm64-gnu@0.64.0':
    optional: true

  '@oxc-minify/binding-linux-arm64-musl@0.64.0':
    optional: true

  '@oxc-minify/binding-linux-x64-gnu@0.64.0':
    optional: true

  '@oxc-minify/binding-linux-x64-musl@0.64.0':
    optional: true

  '@oxc-minify/binding-wasm32-wasi@0.64.0':
    dependencies:
      '@napi-rs/wasm-runtime': 0.2.9
    optional: true

  '@oxc-minify/binding-win32-arm64-msvc@0.64.0':
    optional: true

  '@oxc-minify/binding-win32-x64-msvc@0.64.0':
    optional: true

  '@oxc-parser/binding-darwin-arm64@0.64.0':
    optional: true

  '@oxc-parser/binding-darwin-x64@0.64.0':
    optional: true

  '@oxc-parser/binding-linux-arm-gnueabihf@0.64.0':
    optional: true

  '@oxc-parser/binding-linux-arm64-gnu@0.64.0':
    optional: true

  '@oxc-parser/binding-linux-arm64-musl@0.64.0':
    optional: true

  '@oxc-parser/binding-linux-x64-gnu@0.64.0':
    optional: true

  '@oxc-parser/binding-linux-x64-musl@0.64.0':
    optional: true

  '@oxc-parser/binding-wasm32-wasi@0.64.0':
    dependencies:
      '@napi-rs/wasm-runtime': 0.2.9
    optional: true

  '@oxc-parser/binding-win32-arm64-msvc@0.64.0':
    optional: true

  '@oxc-parser/binding-win32-x64-msvc@0.64.0':
    optional: true

  '@oxc-project/types@0.64.0': {}

  '@oxc-resolver/binding-darwin-arm64@5.3.0':
    optional: true

  '@oxc-resolver/binding-darwin-x64@5.3.0':
    optional: true

  '@oxc-resolver/binding-freebsd-x64@5.3.0':
    optional: true

  '@oxc-resolver/binding-linux-arm-gnueabihf@5.3.0':
    optional: true

  '@oxc-resolver/binding-linux-arm64-gnu@5.3.0':
    optional: true

  '@oxc-resolver/binding-linux-arm64-musl@5.3.0':
    optional: true

  '@oxc-resolver/binding-linux-riscv64-gnu@5.3.0':
    optional: true

  '@oxc-resolver/binding-linux-s390x-gnu@5.3.0':
    optional: true

  '@oxc-resolver/binding-linux-x64-gnu@5.3.0':
    optional: true

  '@oxc-resolver/binding-linux-x64-musl@5.3.0':
    optional: true

  '@oxc-resolver/binding-wasm32-wasi@5.3.0':
    dependencies:
      '@napi-rs/wasm-runtime': 0.2.9
    optional: true

  '@oxc-resolver/binding-win32-arm64-msvc@5.3.0':
    optional: true

  '@oxc-resolver/binding-win32-x64-msvc@5.3.0':
    optional: true

  '@oxc-transform/binding-darwin-arm64@0.64.0':
    optional: true

  '@oxc-transform/binding-darwin-x64@0.64.0':
    optional: true

  '@oxc-transform/binding-linux-arm-gnueabihf@0.64.0':
    optional: true

  '@oxc-transform/binding-linux-arm64-gnu@0.64.0':
    optional: true

  '@oxc-transform/binding-linux-arm64-musl@0.64.0':
    optional: true

  '@oxc-transform/binding-linux-x64-gnu@0.64.0':
    optional: true

  '@oxc-transform/binding-linux-x64-musl@0.64.0':
    optional: true

  '@oxc-transform/binding-wasm32-wasi@0.64.0':
    dependencies:
      '@napi-rs/wasm-runtime': 0.2.9
    optional: true

  '@oxc-transform/binding-win32-arm64-msvc@0.64.0':
    optional: true

  '@oxc-transform/binding-win32-x64-msvc@0.64.0':
    optional: true

  '@rollup/rollup-android-arm-eabi@4.40.0':
    optional: true

  '@rollup/rollup-android-arm64@4.40.0':
    optional: true

  '@rollup/rollup-darwin-arm64@4.40.0':
    optional: true

  '@rollup/rollup-darwin-x64@4.40.0':
    optional: true

  '@rollup/rollup-freebsd-arm64@4.40.0':
    optional: true

  '@rollup/rollup-freebsd-x64@4.40.0':
    optional: true

  '@rollup/rollup-linux-arm-gnueabihf@4.40.0':
    optional: true

  '@rollup/rollup-linux-arm-musleabihf@4.40.0':
    optional: true

  '@rollup/rollup-linux-arm64-gnu@4.40.0':
    optional: true

  '@rollup/rollup-linux-arm64-musl@4.40.0':
    optional: true

  '@rollup/rollup-linux-loongarch64-gnu@4.40.0':
    optional: true

  '@rollup/rollup-linux-powerpc64le-gnu@4.40.0':
    optional: true

  '@rollup/rollup-linux-riscv64-gnu@4.40.0':
    optional: true

  '@rollup/rollup-linux-riscv64-musl@4.40.0':
    optional: true

  '@rollup/rollup-linux-s390x-gnu@4.40.0':
    optional: true

  '@rollup/rollup-linux-x64-gnu@4.40.0':
    optional: true

  '@rollup/rollup-linux-x64-musl@4.40.0':
    optional: true

  '@rollup/rollup-win32-arm64-msvc@4.40.0':
    optional: true

  '@rollup/rollup-win32-ia32-msvc@4.40.0':
    optional: true

  '@rollup/rollup-win32-x64-msvc@4.40.0':
    optional: true

  '@tybys/wasm-util@0.9.0':
    dependencies:
      tslib: 2.8.1
    optional: true

  '@types/estree@1.0.7': {}

  acorn@8.14.1: {}

  debug@4.4.0:
    dependencies:
      ms: 2.1.3

  fsevents@2.3.3:
    optional: true

  magic-string@0.30.17:
    dependencies:
      '@jridgewell/sourcemap-codec': 1.5.0

  ms@2.1.3: {}

  oxc-minify@0.64.0:
    optionalDependencies:
      '@oxc-minify/binding-darwin-arm64': 0.64.0
      '@oxc-minify/binding-darwin-x64': 0.64.0
      '@oxc-minify/binding-linux-arm-gnueabihf': 0.64.0
      '@oxc-minify/binding-linux-arm64-gnu': 0.64.0
      '@oxc-minify/binding-linux-arm64-musl': 0.64.0
      '@oxc-minify/binding-linux-x64-gnu': 0.64.0
      '@oxc-minify/binding-linux-x64-musl': 0.64.0
      '@oxc-minify/binding-wasm32-wasi': 0.64.0
      '@oxc-minify/binding-win32-arm64-msvc': 0.64.0
      '@oxc-minify/binding-win32-x64-msvc': 0.64.0

  oxc-parser@0.64.0:
    dependencies:
      '@oxc-project/types': 0.64.0
    optionalDependencies:
      '@oxc-parser/binding-darwin-arm64': 0.64.0
      '@oxc-parser/binding-darwin-x64': 0.64.0
      '@oxc-parser/binding-linux-arm-gnueabihf': 0.64.0
      '@oxc-parser/binding-linux-arm64-gnu': 0.64.0
      '@oxc-parser/binding-linux-arm64-musl': 0.64.0
      '@oxc-parser/binding-linux-x64-gnu': 0.64.0
      '@oxc-parser/binding-linux-x64-musl': 0.64.0
      '@oxc-parser/binding-wasm32-wasi': 0.64.0
      '@oxc-parser/binding-win32-arm64-msvc': 0.64.0
      '@oxc-parser/binding-win32-x64-msvc': 0.64.0

  oxc-resolver@5.3.0:
    optionalDependencies:
      '@oxc-resolver/binding-darwin-arm64': 5.3.0
      '@oxc-resolver/binding-darwin-x64': 5.3.0
      '@oxc-resolver/binding-freebsd-x64': 5.3.0
      '@oxc-resolver/binding-linux-arm-gnueabihf': 5.3.0
      '@oxc-resolver/binding-linux-arm64-gnu': 5.3.0
      '@oxc-resolver/binding-linux-arm64-musl': 5.3.0
      '@oxc-resolver/binding-linux-riscv64-gnu': 5.3.0
      '@oxc-resolver/binding-linux-s390x-gnu': 5.3.0
      '@oxc-resolver/binding-linux-x64-gnu': 5.3.0
      '@oxc-resolver/binding-linux-x64-musl': 5.3.0
      '@oxc-resolver/binding-wasm32-wasi': 5.3.0
      '@oxc-resolver/binding-win32-arm64-msvc': 5.3.0
      '@oxc-resolver/binding-win32-x64-msvc': 5.3.0

  oxc-transform@0.64.0:
    optionalDependencies:
      '@oxc-transform/binding-darwin-arm64': 0.64.0
      '@oxc-transform/binding-darwin-x64': 0.64.0
      '@oxc-transform/binding-linux-arm-gnueabihf': 0.64.0
      '@oxc-transform/binding-linux-arm64-gnu': 0.64.0
      '@oxc-transform/binding-linux-arm64-musl': 0.64.0
      '@oxc-transform/binding-linux-x64-gnu': 0.64.0
      '@oxc-transform/binding-linux-x64-musl': 0.64.0
      '@oxc-transform/binding-wasm32-wasi': 0.64.0
      '@oxc-transform/binding-win32-arm64-msvc': 0.64.0
      '@oxc-transform/binding-win32-x64-msvc': 0.64.0

  pathe@2.0.3: {}

  picomatch@4.0.2: {}

  rollup@4.40.0:
    dependencies:
      '@types/estree': 1.0.7
    optionalDependencies:
      '@rollup/rollup-android-arm-eabi': 4.40.0
      '@rollup/rollup-android-arm64': 4.40.0
      '@rollup/rollup-darwin-arm64': 4.40.0
      '@rollup/rollup-darwin-x64': 4.40.0
      '@rollup/rollup-freebsd-arm64': 4.40.0
      '@rollup/rollup-freebsd-x64': 4.40.0
      '@rollup/rollup-linux-arm-gnueabihf': 4.40.0
      '@rollup/rollup-linux-arm-musleabihf': 4.40.0
      '@rollup/rollup-linux-arm64-gnu': 4.40.0
      '@rollup/rollup-linux-arm64-musl': 4.40.0
      '@rollup/rollup-linux-loongarch64-gnu': 4.40.0
      '@rollup/rollup-linux-powerpc64le-gnu': 4.40.0
      '@rollup/rollup-linux-riscv64-gnu': 4.40.0
      '@rollup/rollup-linux-riscv64-musl': 4.40.0
      '@rollup/rollup-linux-s390x-gnu': 4.40.0
      '@rollup/rollup-linux-x64-gnu': 4.40.0
      '@rollup/rollup-linux-x64-musl': 4.40.0
      '@rollup/rollup-win32-arm64-msvc': 4.40.0
      '@rollup/rollup-win32-ia32-msvc': 4.40.0
      '@rollup/rollup-win32-x64-msvc': 4.40.0
      fsevents: 2.3.3

  tslib@2.8.1:
    optional: true

  unplugin-isolated-decl@0.13.7:
    dependencies:
      debug: 4.4.0
      magic-string: 0.30.17
      oxc-parser: 0.64.0
      oxc-transform: 0.64.0
      unplugin: 2.3.2
      unplugin-utils: 0.2.4
    transitivePeerDependencies:
      - supports-color

  unplugin-oxc@0.3.4:
    dependencies:
      oxc-minify: 0.64.0
      oxc-resolver: 5.3.0
      oxc-transform: 0.64.0
      unplugin: 2.3.2
      unplugin-utils: 0.2.4

  unplugin-utils@0.2.4:
    dependencies:
      pathe: 2.0.3
      picomatch: 4.0.2

  unplugin@2.3.2:
    dependencies:
      acorn: 8.14.1
      picomatch: 4.0.2
      webpack-virtual-modules: 0.6.2

  webpack-virtual-modules@0.6.2: {}
