lockfileVersion: '9.0'

settings:
  autoInstallPeers: true
  excludeLinksFromLockfile: false

importers:

  .:
    dependencies:
      oxc-minify:
        specifier: ^0.52.0
        version: 0.52.0

packages:

  '@oxc-minify/binding-darwin-arm64@0.52.0':
    resolution: {integrity: sha512-jJg6nL8hDQgcrUCTnuQsDMH6CtLdl13zl9xkDFIE2m9kxswE4vuIIAeaCSw2pO/kla3r/Vs3Ucos4fPyK3/DyA==}
    cpu: [arm64]
    os: [darwin]

  '@oxc-minify/binding-darwin-x64@0.52.0':
    resolution: {integrity: sha512-AQV1rP0SsNIyv8riQuNbOVveNy+tr/08/MljxiWBUFA09SBctl/zbl1MWLFWhvAMsJpMT+HrNWM6FXLemPtLEQ==}
    cpu: [x64]
    os: [darwin]

  '@oxc-minify/binding-linux-arm64-gnu@0.52.0':
    resolution: {integrity: sha512-/5RLBXI0fuk01RkCdajLYeGLmCxVsBLTPO3uIkEr809KrnbAXjJ6kFNKhuEVNJp6/wlN62pA+8f2aTkIXLuyzg==}
    cpu: [arm64]
    os: [linux]

  '@oxc-minify/binding-linux-arm64-musl@0.52.0':
    resolution: {integrity: sha512-oBZSkc0y7EeOyjWrHoGHKIh04g9vHjUHjma3mxLGMSN10sQoARqejBELkhl/cfV14iRvLITpwzZR8qs3cvZFeQ==}
    cpu: [arm64]
    os: [linux]

  '@oxc-minify/binding-linux-x64-gnu@0.52.0':
    resolution: {integrity: sha512-7fdoMyLLNp25Yk+4QyfO0O1XD6rTWzCRz9RIWb5eDOUIwNaRszFAlOaMxrFlZWJu35IQoSR6aiFmQ7wU1UfGhA==}
    cpu: [x64]
    os: [linux]

  '@oxc-minify/binding-linux-x64-musl@0.52.0':
    resolution: {integrity: sha512-ncCrHXc+ofeQ6gzjcYOrVItsCq6dB0G8ea54PzY5n2KEyXOePhoZsYhO1aquftGxiijw3wToAidDpPZM3oLAhw==}
    cpu: [x64]
    os: [linux]

  '@oxc-minify/binding-win32-arm64-msvc@0.52.0':
    resolution: {integrity: sha512-rch/Vo+Ho1CSvSXEc5m5gGiMy7vAP574S3PTNq3MiA95N3npni3nBCql+JaCTf7ehT9aDPecIK5wn4imzhPGXw==}
    cpu: [arm64]
    os: [win32]

  '@oxc-minify/binding-win32-x64-msvc@0.52.0':
    resolution: {integrity: sha512-S2Doi93QR8pGMio2Y6gYtHUzIDBZVJo5bkOdjGtYnAtwipKSe+nTf/qWT8R+dQaHDZBB672bqkm0cme0Z8kWhg==}
    cpu: [x64]
    os: [win32]

  oxc-minify@0.52.0:
    resolution: {integrity: sha512-PLdx0x5WNARs7NxwoWlU9p0Yjn+23eyTtNV9qwOHuKO1Pro2dIcLTzECe3HRzZp8w7wMZbpXRSaC76gXNRewwQ==}

snapshots:

  '@oxc-minify/binding-darwin-arm64@0.52.0':
    optional: true

  '@oxc-minify/binding-darwin-x64@0.52.0':
    optional: true

  '@oxc-minify/binding-linux-arm64-gnu@0.52.0':
    optional: true

  '@oxc-minify/binding-linux-arm64-musl@0.52.0':
    optional: true

  '@oxc-minify/binding-linux-x64-gnu@0.52.0':
    optional: true

  '@oxc-minify/binding-linux-x64-musl@0.52.0':
    optional: true

  '@oxc-minify/binding-win32-arm64-msvc@0.52.0':
    optional: true

  '@oxc-minify/binding-win32-x64-msvc@0.52.0':
    optional: true

  oxc-minify@0.52.0:
    optionalDependencies:
      '@oxc-minify/binding-darwin-arm64': 0.52.0
      '@oxc-minify/binding-darwin-x64': 0.52.0
      '@oxc-minify/binding-linux-arm64-gnu': 0.52.0
      '@oxc-minify/binding-linux-arm64-musl': 0.52.0
      '@oxc-minify/binding-linux-x64-gnu': 0.52.0
      '@oxc-minify/binding-linux-x64-musl': 0.52.0
      '@oxc-minify/binding-win32-arm64-msvc': 0.52.0
      '@oxc-minify/binding-win32-x64-msvc': 0.52.0
